// !$*UTF8*$!
{
	archiveVersion = 1;
	classes = {
	};
	objectVersion = 56;
	objects = {

/* Begin PBXBuildFile section */
		290A34AB2B7C149B00963C6E /* ContentProgressBar.swift in Sources */ = {isa = PBXBuildFile; fileRef = 290A34AA2B7C149B00963C6E /* ContentProgressBar.swift */; };
		290A34AD2B7C360100963C6E /* SidebarModel.swift in Sources */ = {isa = PBXBuildFile; fileRef = 290A34AC2B7C360100963C6E /* SidebarModel.swift */; };
		290A34B02B7C616A00963C6E /* MapModelData.swift in Sources */ = {isa = PBXBuildFile; fileRef = 290A34AF2B7C616A00963C6E /* MapModelData.swift */; };
		290A34B22B7C894500963C6E /* SidebarView.swift in Sources */ = {isa = PBXBuildFile; fileRef = 290A34B12B7C894500963C6E /* SidebarView.swift */; };
		290A34B42B7D283600963C6E /* SidebarMockDataController.swift in Sources */ = {isa = PBXBuildFile; fileRef = 290A34B32B7D283600963C6E /* SidebarMockDataController.swift */; };
		290A34B62B7D597C00963C6E /* SidebarViewModel.swift in Sources */ = {isa = PBXBuildFile; fileRef = 290A34B52B7D597C00963C6E /* SidebarViewModel.swift */; };
		29145E6C2B77CD1600BFA64B /* StateDebugInfo.swift in Sources */ = {isa = PBXBuildFile; fileRef = 29145E6B2B77CD1600BFA64B /* StateDebugInfo.swift */; };
		29145E6F2B77D82A00BFA64B /* DebugPromptStatusView.swift in Sources */ = {isa = PBXBuildFile; fileRef = 29145E6E2B77D82A00BFA64B /* DebugPromptStatusView.swift */; };
		29145E732B77D99400BFA64B /* PromptTopStatusBar.swift in Sources */ = {isa = PBXBuildFile; fileRef = 29145E722B77D99400BFA64B /* PromptTopStatusBar.swift */; };
		29145E762B77DBDA00BFA64B /* CommonPreviews.swift in Sources */ = {isa = PBXBuildFile; fileRef = 29145E752B77DBDA00BFA64B /* CommonPreviews.swift */; };
		29145E782B77DCAE00BFA64B /* PromptBottomStatusBar.swift in Sources */ = {isa = PBXBuildFile; fileRef = 29145E772B77DCAE00BFA64B /* PromptBottomStatusBar.swift */; };
		29145E7A2B77DCEB00BFA64B /* DebugPromptActionView.swift in Sources */ = {isa = PBXBuildFile; fileRef = 29145E792B77DCEB00BFA64B /* DebugPromptActionView.swift */; };
		29145E7D2B78111200BFA64B /* ToolbarButton.swift in Sources */ = {isa = PBXBuildFile; fileRef = 29145E7C2B78111200BFA64B /* ToolbarButton.swift */; };
		29145E7F2B782BB600BFA64B /* AppDocuments.swift in Sources */ = {isa = PBXBuildFile; fileRef = 29145E7E2B782BB600BFA64B /* AppDocuments.swift */; };
		291635A62B7EAEE200D47EEF /* SegmentedDisplayOptions.swift in Sources */ = {isa = PBXBuildFile; fileRef = 291635A52B7EAEE200D47EEF /* SegmentedDisplayOptions.swift */; };
		2916F3342B7278FD001D14B9 /* SettingsView.swift in Sources */ = {isa = PBXBuildFile; fileRef = 2916F3332B7278FD001D14B9 /* SettingsView.swift */; };
		2916F3372B72859D001D14B9 /* DetailView.swift in Sources */ = {isa = PBXBuildFile; fileRef = 2916F3362B72859D001D14B9 /* DetailView.swift */; };
		2916F3392B728604001D14B9 /* FileHierarchy.swift in Sources */ = {isa = PBXBuildFile; fileRef = 2916F3382B728604001D14B9 /* FileHierarchy.swift */; };
		2916F33B2B728633001D14B9 /* FileOutlineView.swift in Sources */ = {isa = PBXBuildFile; fileRef = 2916F33A2B728633001D14B9 /* FileOutlineView.swift */; };
		2916F33D2B72867C001D14B9 /* FileRowView.swift in Sources */ = {isa = PBXBuildFile; fileRef = 2916F33C2B72867C001D14B9 /* FileRowView.swift */; };
		2916F33F2B7286A3001D14B9 /* ThumbnailLoader.swift in Sources */ = {isa = PBXBuildFile; fileRef = 2916F33E2B7286A3001D14B9 /* ThumbnailLoader.swift */; };
		292CE8092B81771B00116D60 /* CheckpointModelPreferences.swift in Sources */ = {isa = PBXBuildFile; fileRef = 292CE8082B81771B00116D60 /* CheckpointModelPreferences.swift */; };
		292CE80C2B8193E400116D60 /* ImageSaver.swift in Sources */ = {isa = PBXBuildFile; fileRef = 292CE80B2B8193E400116D60 /* ImageSaver.swift */; };
		292CE80E2B81943300116D60 /* ImageSaver+Composite.swift in Sources */ = {isa = PBXBuildFile; fileRef = 292CE80D2B81943300116D60 /* ImageSaver+Composite.swift */; };
		292CE8102B81958700116D60 /* Txt2ImgService.swift in Sources */ = {isa = PBXBuildFile; fileRef = 292CE80F2B81958700116D60 /* Txt2ImgService.swift */; };
		292CE8142B81AE9500116D60 /* CheckpointModelMenu.swift in Sources */ = {isa = PBXBuildFile; fileRef = 292CE8132B81AE9500116D60 /* CheckpointModelMenu.swift */; };
		292CE8162B81B17200116D60 /* SamplingMethodMenu.swift in Sources */ = {isa = PBXBuildFile; fileRef = 292CE8152B81B17200116D60 /* SamplingMethodMenu.swift */; };
		292CE8282B82430000116D60 /* SoundUtility.swift in Sources */ = {isa = PBXBuildFile; fileRef = 292CE8272B82430000116D60 /* SoundUtility.swift */; };
		293336462B72A3E0007237AA /* NSImageExtensions.swift in Sources */ = {isa = PBXBuildFile; fileRef = 293336452B72A3E0007237AA /* NSImageExtensions.swift */; };
		2942B0762B7B2BD300D1E0DE /* BackgroundButtonStyles.swift in Sources */ = {isa = PBXBuildFile; fileRef = 2942B0752B7B2BD300D1E0DE /* BackgroundButtonStyles.swift */; };
		2952BAD72B71AEFA002FC885 /* PromptView.swift in Sources */ = {isa = PBXBuildFile; fileRef = 2952BAD62B71AEFA002FC885 /* PromptView.swift */; };
		2952BAD92B71B79F002FC885 /* PromptModel.swift in Sources */ = {isa = PBXBuildFile; fileRef = 2952BAD82B71B79F002FC885 /* PromptModel.swift */; };
		2952BADC2B71C4C6002FC885 /* PromptEditorView.swift in Sources */ = {isa = PBXBuildFile; fileRef = 2952BADB2B71C4C6002FC885 /* PromptEditorView.swift */; };
		2952BADE2B71E723002FC885 /* VisualEffectBlurView.swift in Sources */ = {isa = PBXBuildFile; fileRef = 2952BADD2B71E723002FC885 /* VisualEffectBlurView.swift */; };
		29620FDD2B826BDD008EA5EB /* DebugApiView.swift in Sources */ = {isa = PBXBuildFile; fileRef = 29620FDC2B826BDD008EA5EB /* DebugApiView.swift */; };
		29620FDF2B8275CE008EA5EB /* CheckpointMenu.swift in Sources */ = {isa = PBXBuildFile; fileRef = 29620FDE2B8275CE008EA5EB /* CheckpointMenu.swift */; };
		29620FE62B8291E8008EA5EB /* ApiManager.swift in Sources */ = {isa = PBXBuildFile; fileRef = 29620FE52B8291E8008EA5EB /* ApiManager.swift */; };
		29620FE82B82924E008EA5EB /* CheckpointApiModel.swift in Sources */ = {isa = PBXBuildFile; fileRef = 29620FE72B82924E008EA5EB /* CheckpointApiModel.swift */; };
		29620FEA2B82A23F008EA5EB /* CheckpointsManager.swift in Sources */ = {isa = PBXBuildFile; fileRef = 29620FE92B82A23F008EA5EB /* CheckpointsManager.swift */; };
		29623E372B797B5900EC719F /* RequiredInputPathsView.swift in Sources */ = {isa = PBXBuildFile; fileRef = 29623E362B797B5900EC719F /* RequiredInputPathsView.swift */; };
		29623E3A2B79888500EC719F /* RequiredInputPathsPulsatingButton.swift in Sources */ = {isa = PBXBuildFile; fileRef = 29623E392B79888500EC719F /* RequiredInputPathsPulsatingButton.swift */; };
		296AA9F02B769B2A00CF0658 /* UserSettings.swift in Sources */ = {isa = PBXBuildFile; fileRef = 296AA9EF2B769B2A00CF0658 /* UserSettings.swift */; };
		29708F8D2B7EB2BE004A95AD /* HoverToggleButton.swift in Sources */ = {isa = PBXBuildFile; fileRef = 29708F8C2B7EB2BE004A95AD /* HoverToggleButton.swift */; };
		29708F902B7EB632004A95AD /* DisplayOptionsBar.swift in Sources */ = {isa = PBXBuildFile; fileRef = 29708F8F2B7EB632004A95AD /* DisplayOptionsBar.swift */; };
		29708F922B7FBECB004A95AD /* VisualEffectView.swift in Sources */ = {isa = PBXBuildFile; fileRef = 29708F912B7FBECB004A95AD /* VisualEffectView.swift */; };
		29708F942B803350004A95AD /* PasteGenerationDataStatusBar.swift in Sources */ = {isa = PBXBuildFile; fileRef = 29708F932B803350004A95AD /* PasteGenerationDataStatusBar.swift */; };
		297196492B7150B5000F7960 /* ConsoleView.swift in Sources */ = {isa = PBXBuildFile; fileRef = 297196482B7150B5000F7960 /* ConsoleView.swift */; };
		2971964C2B715191000F7960 /* Constants.swift in Sources */ = {isa = PBXBuildFile; fileRef = 2971964B2B715191000F7960 /* Constants.swift */; };
		297196532B71538C000F7960 /* FilePickerService.swift in Sources */ = {isa = PBXBuildFile; fileRef = 297196522B71538C000F7960 /* FilePickerService.swift */; };
		297196552B715A58000F7960 /* Debug.swift in Sources */ = {isa = PBXBuildFile; fileRef = 297196542B715A58000F7960 /* Debug.swift */; };
		2971965F2B71770B000F7960 /* ScriptSetupHelper.swift in Sources */ = {isa = PBXBuildFile; fileRef = 2971965E2B71770B000F7960 /* ScriptSetupHelper.swift */; };
		297196612B718BB1000F7960 /* PythonProcess.swift in Sources */ = {isa = PBXBuildFile; fileRef = 297196602B718BB1000F7960 /* PythonProcess.swift */; };
		297196632B719205000F7960 /* ScriptManager+PythonProcess.swift in Sources */ = {isa = PBXBuildFile; fileRef = 297196622B719205000F7960 /* ScriptManager+PythonProcess.swift */; };
		297196652B719C32000F7960 /* ScriptManager+ServiceAvailability.swift in Sources */ = {isa = PBXBuildFile; fileRef = 297196642B719C32000F7960 /* ScriptManager+ServiceAvailability.swift */; };
		297196672B719CA5000F7960 /* ScriptManager+TerminateAll.swift in Sources */ = {isa = PBXBuildFile; fileRef = 297196662B719CA5000F7960 /* ScriptManager+TerminateAll.swift */; };
		2971966B2B71A5AC000F7960 /* Delay.swift in Sources */ = {isa = PBXBuildFile; fileRef = 2971966A2B71A5AC000F7960 /* Delay.swift */; };
		2996D0942B6ED5B000B487D5 /* SwiftDiffusionApp.swift in Sources */ = {isa = PBXBuildFile; fileRef = 2996D0932B6ED5B000B487D5 /* SwiftDiffusionApp.swift */; };
		2996D0962B6ED5B000B487D5 /* ContentView.swift in Sources */ = {isa = PBXBuildFile; fileRef = 2996D0952B6ED5B000B487D5 /* ContentView.swift */; };
		2996D0982B6ED5B100B487D5 /* Assets.xcassets in Resources */ = {isa = PBXBuildFile; fileRef = 2996D0972B6ED5B100B487D5 /* Assets.xcassets */; };
		2996D09B2B6ED5B100B487D5 /* Preview Assets.xcassets in Resources */ = {isa = PBXBuildFile; fileRef = 2996D09A2B6ED5B100B487D5 /* Preview Assets.xcassets */; };
		2996D0A72B6EE47A00B487D5 /* ScriptManager.swift in Sources */ = {isa = PBXBuildFile; fileRef = 2996D0A62B6EE47A00B487D5 /* ScriptManager.swift */; };
		2996D0A92B6EEFA700B487D5 /* ConfigFileManager.swift in Sources */ = {isa = PBXBuildFile; fileRef = 2996D0A82B6EEFA700B487D5 /* ConfigFileManager.swift */; };
		2996D0AC2B6F1FBD00B487D5 /* ScriptState.swift in Sources */ = {isa = PBXBuildFile; fileRef = 2996D0AB2B6F1FBD00B487D5 /* ScriptState.swift */; };
		29A1E0B92B80F45900B18AC1 /* LoraModel.swift in Sources */ = {isa = PBXBuildFile; fileRef = 29A1E0B82B80F45900B18AC1 /* LoraModel.swift */; };
		29A1E0BF2B81057300B18AC1 /* ScriptManagerObserver.swift in Sources */ = {isa = PBXBuildFile; fileRef = 29A1E0BE2B81057300B18AC1 /* ScriptManagerObserver.swift */; };
		29A1E0C52B81200200B18AC1 /* AutomaticApiService.swift in Sources */ = {isa = PBXBuildFile; fileRef = 29A1E0C42B81200200B18AC1 /* AutomaticApiService.swift */; };
		29A1E0C92B81374500B18AC1 /* ModelManager.swift in Sources */ = {isa = PBXBuildFile; fileRef = 29A1E0C82B81374500B18AC1 /* ModelManager.swift */; };
		29B1D9D52B753B8D009B6F03 /* AppFileStructure.swift in Sources */ = {isa = PBXBuildFile; fileRef = 29B1D9D42B753B8D009B6F03 /* AppFileStructure.swift */; };
		29B1D9D82B755965009B6F03 /* AppDirectory.swift in Sources */ = {isa = PBXBuildFile; fileRef = 29B1D9D72B755965009B6F03 /* AppDirectory.swift */; };
		29B571792B756F320057DD50 /* CheckpointPreferencesView.swift in Sources */ = {isa = PBXBuildFile; fileRef = 29B571782B756F320057DD50 /* CheckpointPreferencesView.swift */; };
		29B5717D2B758D7E0057DD50 /* CheckpointModel.swift in Sources */ = {isa = PBXBuildFile; fileRef = 29B5717C2B758D7E0057DD50 /* CheckpointModel.swift */; };
		29B5717F2B75AB1E0057DD50 /* HalfMaxWidthView.swift in Sources */ = {isa = PBXBuildFile; fileRef = 29B5717E2B75AB1E0057DD50 /* HalfMaxWidthView.swift */; };
		29B571822B75AE410057DD50 /* PromptRows.swift in Sources */ = {isa = PBXBuildFile; fileRef = 29B571812B75AE410057DD50 /* PromptRows.swift */; };
		29B571842B75B2070057DD50 /* SeedRows.swift in Sources */ = {isa = PBXBuildFile; fileRef = 29B571832B75B2070057DD50 /* SeedRows.swift */; };
		29B571882B75C53C0057DD50 /* ContentView+Generate.swift in Sources */ = {isa = PBXBuildFile; fileRef = 29B571872B75C53C0057DD50 /* ContentView+Generate.swift */; };
		29B5718A2B75E4F10057DD50 /* PromptView+ParseCivitai.swift in Sources */ = {isa = PBXBuildFile; fileRef = 29B571892B75E4F10057DD50 /* PromptView+ParseCivitai.swift */; };
		29C0F35F2B79BDA80017DD6B /* NotificationUtility.swift in Sources */ = {isa = PBXBuildFile; fileRef = 29C0F35E2B79BDA80017DD6B /* NotificationUtility.swift */; };
		29C0F3632B79C8020017DD6B /* FullscreenImageView.swift in Sources */ = {isa = PBXBuildFile; fileRef = 29C0F3622B79C8020017DD6B /* FullscreenImageView.swift */; };
		29C0F3652B79C81F0017DD6B /* ImageWindowManager.swift in Sources */ = {isa = PBXBuildFile; fileRef = 29C0F3642B79C81F0017DD6B /* ImageWindowManager.swift */; };
		29C0F36B2B79D2CA0017DD6B /* FileNode.swift in Sources */ = {isa = PBXBuildFile; fileRef = 29C0F36A2B79D2CA0017DD6B /* FileNode.swift */; };
		29C0F36D2B79D2F80017DD6B /* FileHierarchy+Control.swift in Sources */ = {isa = PBXBuildFile; fileRef = 29C0F36C2B79D2F80017DD6B /* FileHierarchy+Control.swift */; };
		29C0F36F2B7A5C3D0017DD6B /* UpdatesView.swift in Sources */ = {isa = PBXBuildFile; fileRef = 29C0F36E2B7A5C3D0017DD6B /* UpdatesView.swift */; };
		29C0F3712B7A62180017DD6B /* WindowManager.swift in Sources */ = {isa = PBXBuildFile; fileRef = 29C0F3702B7A62180017DD6B /* WindowManager.swift */; };
		29C0F3752B7A75960017DD6B /* CopyPasteUtility.swift in Sources */ = {isa = PBXBuildFile; fileRef = 29C0F3742B7A75960017DD6B /* CopyPasteUtility.swift */; };
		29C0F3772B7AA6310017DD6B /* AppDelegate.swift in Sources */ = {isa = PBXBuildFile; fileRef = 29C0F3762B7AA6310017DD6B /* AppDelegate.swift */; };
		29C0F3792B7AA6F40017DD6B /* App+Setup.swift in Sources */ = {isa = PBXBuildFile; fileRef = 29C0F3782B7AA6F40017DD6B /* App+Setup.swift */; };
		29C0F37D2B7AB3D50017DD6B /* UserSettings+URLs.swift in Sources */ = {isa = PBXBuildFile; fileRef = 29C0F37C2B7AB3D50017DD6B /* UserSettings+URLs.swift */; };
		29C0F3802B7ABF050017DD6B /* GeneralSection.swift in Sources */ = {isa = PBXBuildFile; fileRef = 29C0F37F2B7ABF050017DD6B /* GeneralSection.swift */; };
		29C0F3822B7ABF210017DD6B /* FilesSection.swift in Sources */ = {isa = PBXBuildFile; fileRef = 29C0F3812B7ABF210017DD6B /* FilesSection.swift */; };
		29C0F3842B7ABF2E0017DD6B /* PromptSection.swift in Sources */ = {isa = PBXBuildFile; fileRef = 29C0F3832B7ABF2E0017DD6B /* PromptSection.swift */; };
		29C0F3862B7ABF3A0017DD6B /* EngineSection.swift in Sources */ = {isa = PBXBuildFile; fileRef = 29C0F3852B7ABF3A0017DD6B /* EngineSection.swift */; };
		29C0F3882B7ABF430017DD6B /* DeveloperSection.swift in Sources */ = {isa = PBXBuildFile; fileRef = 29C0F3872B7ABF430017DD6B /* DeveloperSection.swift */; };
		29C0F38B2B7AC25C0017DD6B /* SettingsSectionHeader.swift in Sources */ = {isa = PBXBuildFile; fileRef = 29C0F38A2B7AC25C0017DD6B /* SettingsSectionHeader.swift */; };
		29C0F38D2B7AC2C70017DD6B /* ToolbarTabButtonStyle.swift in Sources */ = {isa = PBXBuildFile; fileRef = 29C0F38C2B7AC2C70017DD6B /* ToolbarTabButtonStyle.swift */; };
		29C0F38F2B7AC3380017DD6B /* BrowseFileRow.swift in Sources */ = {isa = PBXBuildFile; fileRef = 29C0F38E2B7AC3380017DD6B /* BrowseFileRow.swift */; };
		29C0F3912B7AC36B0017DD6B /* ToggleWithHeader.swift in Sources */ = {isa = PBXBuildFile; fileRef = 29C0F3902B7AC36B0017DD6B /* ToggleWithHeader.swift */; };
		29C0F3932B7AC3F40017DD6B /* SettingsTab.swift in Sources */ = {isa = PBXBuildFile; fileRef = 29C0F3922B7AC3F40017DD6B /* SettingsTab.swift */; };
		29D362392B72E59F006C57B3 /* FileUtility.swift in Sources */ = {isa = PBXBuildFile; fileRef = 29D362382B72E59F006C57B3 /* FileUtility.swift */; };
		29D3623C2B72ED4D006C57B3 /* CheckpointManagerView.swift in Sources */ = {isa = PBXBuildFile; fileRef = 29D3623B2B72ED4D006C57B3 /* CheckpointManagerView.swift */; };
		29D3623E2B730F05006C57B3 /* DirectoryObserver.swift in Sources */ = {isa = PBXBuildFile; fileRef = 29D3623D2B730F05006C57B3 /* DirectoryObserver.swift */; };
		29D362402B7317E1006C57B3 /* CheckpointModelsManager.swift in Sources */ = {isa = PBXBuildFile; fileRef = 29D3623F2B7317E1006C57B3 /* CheckpointModelsManager.swift */; };
		29F0D3032B76C9DD00BF56CE /* ModelLoadState.swift in Sources */ = {isa = PBXBuildFile; fileRef = 29F0D3022B76C9DD00BF56CE /* ModelLoadState.swift */; };
		29F0D3052B76D12400BF56CE /* CheckpointMetadata.swift in Sources */ = {isa = PBXBuildFile; fileRef = 29F0D3042B76D12400BF56CE /* CheckpointMetadata.swift */; };
		29F0D3072B76F66A00BF56CE /* GenerationStatus.swift in Sources */ = {isa = PBXBuildFile; fileRef = 29F0D3062B76F66A00BF56CE /* GenerationStatus.swift */; };
		29F6D5EB2B72B15E00613242 /* Metal.framework in Frameworks */ = {isa = PBXBuildFile; fileRef = 29F6D5EA2B72B15E00613242 /* Metal.framework */; };
		29F6D5EE2B72BCBA00613242 /* CompactSlider in Frameworks */ = {isa = PBXBuildFile; productRef = 29F6D5ED2B72BCBA00613242 /* CompactSlider */; };
/* End PBXBuildFile section */

/* Begin PBXFileReference section */
		290A34AA2B7C149B00963C6E /* ContentProgressBar.swift */ = {isa = PBXFileReference; lastKnownFileType = sourcecode.swift; path = ContentProgressBar.swift; sourceTree = "<group>"; };
		290A34AC2B7C360100963C6E /* SidebarModel.swift */ = {isa = PBXFileReference; lastKnownFileType = sourcecode.swift; path = SidebarModel.swift; sourceTree = "<group>"; };
		290A34AF2B7C616A00963C6E /* MapModelData.swift */ = {isa = PBXFileReference; lastKnownFileType = sourcecode.swift; path = MapModelData.swift; sourceTree = "<group>"; };
		290A34B12B7C894500963C6E /* SidebarView.swift */ = {isa = PBXFileReference; lastKnownFileType = sourcecode.swift; path = SidebarView.swift; sourceTree = "<group>"; };
		290A34B32B7D283600963C6E /* SidebarMockDataController.swift */ = {isa = PBXFileReference; lastKnownFileType = sourcecode.swift; path = SidebarMockDataController.swift; sourceTree = "<group>"; };
		290A34B52B7D597C00963C6E /* SidebarViewModel.swift */ = {isa = PBXFileReference; lastKnownFileType = sourcecode.swift; path = SidebarViewModel.swift; sourceTree = "<group>"; };
		29145E6B2B77CD1600BFA64B /* StateDebugInfo.swift */ = {isa = PBXFileReference; lastKnownFileType = sourcecode.swift; path = StateDebugInfo.swift; sourceTree = "<group>"; };
		29145E6E2B77D82A00BFA64B /* DebugPromptStatusView.swift */ = {isa = PBXFileReference; lastKnownFileType = sourcecode.swift; path = DebugPromptStatusView.swift; sourceTree = "<group>"; };
		29145E722B77D99400BFA64B /* PromptTopStatusBar.swift */ = {isa = PBXFileReference; lastKnownFileType = sourcecode.swift; path = PromptTopStatusBar.swift; sourceTree = "<group>"; };
		29145E752B77DBDA00BFA64B /* CommonPreviews.swift */ = {isa = PBXFileReference; lastKnownFileType = sourcecode.swift; path = CommonPreviews.swift; sourceTree = "<group>"; };
		29145E772B77DCAE00BFA64B /* PromptBottomStatusBar.swift */ = {isa = PBXFileReference; lastKnownFileType = sourcecode.swift; path = PromptBottomStatusBar.swift; sourceTree = "<group>"; };
		29145E792B77DCEB00BFA64B /* DebugPromptActionView.swift */ = {isa = PBXFileReference; lastKnownFileType = sourcecode.swift; path = DebugPromptActionView.swift; sourceTree = "<group>"; };
		29145E7C2B78111200BFA64B /* ToolbarButton.swift */ = {isa = PBXFileReference; lastKnownFileType = sourcecode.swift; path = ToolbarButton.swift; sourceTree = "<group>"; };
		29145E7E2B782BB600BFA64B /* AppDocuments.swift */ = {isa = PBXFileReference; lastKnownFileType = sourcecode.swift; path = AppDocuments.swift; sourceTree = "<group>"; };
		291635A52B7EAEE200D47EEF /* SegmentedDisplayOptions.swift */ = {isa = PBXFileReference; lastKnownFileType = sourcecode.swift; path = SegmentedDisplayOptions.swift; sourceTree = "<group>"; };
		2916F3332B7278FD001D14B9 /* SettingsView.swift */ = {isa = PBXFileReference; lastKnownFileType = sourcecode.swift; path = SettingsView.swift; sourceTree = "<group>"; };
		2916F3362B72859D001D14B9 /* DetailView.swift */ = {isa = PBXFileReference; lastKnownFileType = sourcecode.swift; path = DetailView.swift; sourceTree = "<group>"; };
		2916F3382B728604001D14B9 /* FileHierarchy.swift */ = {isa = PBXFileReference; lastKnownFileType = sourcecode.swift; path = FileHierarchy.swift; sourceTree = "<group>"; };
		2916F33A2B728633001D14B9 /* FileOutlineView.swift */ = {isa = PBXFileReference; lastKnownFileType = sourcecode.swift; path = FileOutlineView.swift; sourceTree = "<group>"; };
		2916F33C2B72867C001D14B9 /* FileRowView.swift */ = {isa = PBXFileReference; lastKnownFileType = sourcecode.swift; path = FileRowView.swift; sourceTree = "<group>"; };
		2916F33E2B7286A3001D14B9 /* ThumbnailLoader.swift */ = {isa = PBXFileReference; lastKnownFileType = sourcecode.swift; path = ThumbnailLoader.swift; sourceTree = "<group>"; };
		292CE8082B81771B00116D60 /* CheckpointModelPreferences.swift */ = {isa = PBXFileReference; lastKnownFileType = sourcecode.swift; path = CheckpointModelPreferences.swift; sourceTree = "<group>"; };
		292CE80B2B8193E400116D60 /* ImageSaver.swift */ = {isa = PBXFileReference; lastKnownFileType = sourcecode.swift; path = ImageSaver.swift; sourceTree = "<group>"; };
		292CE80D2B81943300116D60 /* ImageSaver+Composite.swift */ = {isa = PBXFileReference; lastKnownFileType = sourcecode.swift; path = "ImageSaver+Composite.swift"; sourceTree = "<group>"; };
		292CE80F2B81958700116D60 /* Txt2ImgService.swift */ = {isa = PBXFileReference; lastKnownFileType = sourcecode.swift; path = Txt2ImgService.swift; sourceTree = "<group>"; };
		292CE8132B81AE9500116D60 /* CheckpointModelMenu.swift */ = {isa = PBXFileReference; lastKnownFileType = sourcecode.swift; path = CheckpointModelMenu.swift; sourceTree = "<group>"; };
		292CE8152B81B17200116D60 /* SamplingMethodMenu.swift */ = {isa = PBXFileReference; lastKnownFileType = sourcecode.swift; path = SamplingMethodMenu.swift; sourceTree = "<group>"; };
		292CE8272B82430000116D60 /* SoundUtility.swift */ = {isa = PBXFileReference; lastKnownFileType = sourcecode.swift; path = SoundUtility.swift; sourceTree = "<group>"; };
		293336452B72A3E0007237AA /* NSImageExtensions.swift */ = {isa = PBXFileReference; lastKnownFileType = sourcecode.swift; path = NSImageExtensions.swift; sourceTree = "<group>"; };
		2942B0752B7B2BD300D1E0DE /* BackgroundButtonStyles.swift */ = {isa = PBXFileReference; lastKnownFileType = sourcecode.swift; path = BackgroundButtonStyles.swift; sourceTree = "<group>"; };
		2952BAD62B71AEFA002FC885 /* PromptView.swift */ = {isa = PBXFileReference; lastKnownFileType = sourcecode.swift; path = PromptView.swift; sourceTree = "<group>"; };
		2952BAD82B71B79F002FC885 /* PromptModel.swift */ = {isa = PBXFileReference; lastKnownFileType = sourcecode.swift; path = PromptModel.swift; sourceTree = "<group>"; };
		2952BADB2B71C4C6002FC885 /* PromptEditorView.swift */ = {isa = PBXFileReference; lastKnownFileType = sourcecode.swift; path = PromptEditorView.swift; sourceTree = "<group>"; };
		2952BADD2B71E723002FC885 /* VisualEffectBlurView.swift */ = {isa = PBXFileReference; lastKnownFileType = sourcecode.swift; path = VisualEffectBlurView.swift; sourceTree = "<group>"; };
		29620FDC2B826BDD008EA5EB /* DebugApiView.swift */ = {isa = PBXFileReference; lastKnownFileType = sourcecode.swift; path = DebugApiView.swift; sourceTree = "<group>"; };
		29620FDE2B8275CE008EA5EB /* CheckpointMenu.swift */ = {isa = PBXFileReference; lastKnownFileType = sourcecode.swift; path = CheckpointMenu.swift; sourceTree = "<group>"; };
		29620FE52B8291E8008EA5EB /* ApiManager.swift */ = {isa = PBXFileReference; lastKnownFileType = sourcecode.swift; path = ApiManager.swift; sourceTree = "<group>"; };
		29620FE72B82924E008EA5EB /* CheckpointApiModel.swift */ = {isa = PBXFileReference; lastKnownFileType = sourcecode.swift; path = CheckpointApiModel.swift; sourceTree = "<group>"; };
		29620FE92B82A23F008EA5EB /* CheckpointsManager.swift */ = {isa = PBXFileReference; lastKnownFileType = sourcecode.swift; path = CheckpointsManager.swift; sourceTree = "<group>"; };
		29623E362B797B5900EC719F /* RequiredInputPathsView.swift */ = {isa = PBXFileReference; lastKnownFileType = sourcecode.swift; path = RequiredInputPathsView.swift; sourceTree = "<group>"; };
		29623E392B79888500EC719F /* RequiredInputPathsPulsatingButton.swift */ = {isa = PBXFileReference; lastKnownFileType = sourcecode.swift; path = RequiredInputPathsPulsatingButton.swift; sourceTree = "<group>"; };
		296AA9EF2B769B2A00CF0658 /* UserSettings.swift */ = {isa = PBXFileReference; lastKnownFileType = sourcecode.swift; path = UserSettings.swift; sourceTree = "<group>"; };
		29708F8C2B7EB2BE004A95AD /* HoverToggleButton.swift */ = {isa = PBXFileReference; lastKnownFileType = sourcecode.swift; path = HoverToggleButton.swift; sourceTree = "<group>"; };
		29708F8F2B7EB632004A95AD /* DisplayOptionsBar.swift */ = {isa = PBXFileReference; lastKnownFileType = sourcecode.swift; path = DisplayOptionsBar.swift; sourceTree = "<group>"; };
		29708F912B7FBECB004A95AD /* VisualEffectView.swift */ = {isa = PBXFileReference; lastKnownFileType = sourcecode.swift; path = VisualEffectView.swift; sourceTree = "<group>"; };
		29708F932B803350004A95AD /* PasteGenerationDataStatusBar.swift */ = {isa = PBXFileReference; lastKnownFileType = sourcecode.swift; path = PasteGenerationDataStatusBar.swift; sourceTree = "<group>"; };
		297196482B7150B5000F7960 /* ConsoleView.swift */ = {isa = PBXFileReference; lastKnownFileType = sourcecode.swift; path = ConsoleView.swift; sourceTree = "<group>"; };
		2971964B2B715191000F7960 /* Constants.swift */ = {isa = PBXFileReference; lastKnownFileType = sourcecode.swift; path = Constants.swift; sourceTree = "<group>"; };
		297196522B71538C000F7960 /* FilePickerService.swift */ = {isa = PBXFileReference; lastKnownFileType = sourcecode.swift; path = FilePickerService.swift; sourceTree = "<group>"; };
		297196542B715A58000F7960 /* Debug.swift */ = {isa = PBXFileReference; lastKnownFileType = sourcecode.swift; path = Debug.swift; sourceTree = "<group>"; };
		2971965E2B71770B000F7960 /* ScriptSetupHelper.swift */ = {isa = PBXFileReference; lastKnownFileType = sourcecode.swift; path = ScriptSetupHelper.swift; sourceTree = "<group>"; };
		297196602B718BB1000F7960 /* PythonProcess.swift */ = {isa = PBXFileReference; lastKnownFileType = sourcecode.swift; path = PythonProcess.swift; sourceTree = "<group>"; };
		297196622B719205000F7960 /* ScriptManager+PythonProcess.swift */ = {isa = PBXFileReference; lastKnownFileType = sourcecode.swift; path = "ScriptManager+PythonProcess.swift"; sourceTree = "<group>"; };
		297196642B719C32000F7960 /* ScriptManager+ServiceAvailability.swift */ = {isa = PBXFileReference; lastKnownFileType = sourcecode.swift; path = "ScriptManager+ServiceAvailability.swift"; sourceTree = "<group>"; };
		297196662B719CA5000F7960 /* ScriptManager+TerminateAll.swift */ = {isa = PBXFileReference; lastKnownFileType = sourcecode.swift; path = "ScriptManager+TerminateAll.swift"; sourceTree = "<group>"; };
		2971966A2B71A5AC000F7960 /* Delay.swift */ = {isa = PBXFileReference; lastKnownFileType = sourcecode.swift; path = Delay.swift; sourceTree = "<group>"; };
		2996D0902B6ED5B000B487D5 /* SwiftDiffusion.app */ = {isa = PBXFileReference; explicitFileType = wrapper.application; includeInIndex = 0; path = SwiftDiffusion.app; sourceTree = BUILT_PRODUCTS_DIR; };
		2996D0932B6ED5B000B487D5 /* SwiftDiffusionApp.swift */ = {isa = PBXFileReference; lastKnownFileType = sourcecode.swift; path = SwiftDiffusionApp.swift; sourceTree = "<group>"; };
		2996D0952B6ED5B000B487D5 /* ContentView.swift */ = {isa = PBXFileReference; lastKnownFileType = sourcecode.swift; path = ContentView.swift; sourceTree = "<group>"; };
		2996D0972B6ED5B100B487D5 /* Assets.xcassets */ = {isa = PBXFileReference; lastKnownFileType = folder.assetcatalog; path = Assets.xcassets; sourceTree = "<group>"; };
		2996D09A2B6ED5B100B487D5 /* Preview Assets.xcassets */ = {isa = PBXFileReference; lastKnownFileType = folder.assetcatalog; path = "Preview Assets.xcassets"; sourceTree = "<group>"; };
		2996D09C2B6ED5B100B487D5 /* SwiftDiffusion.entitlements */ = {isa = PBXFileReference; lastKnownFileType = text.plist.entitlements; path = SwiftDiffusion.entitlements; sourceTree = "<group>"; };
		2996D0A62B6EE47A00B487D5 /* ScriptManager.swift */ = {isa = PBXFileReference; lastKnownFileType = sourcecode.swift; path = ScriptManager.swift; sourceTree = "<group>"; };
		2996D0A82B6EEFA700B487D5 /* ConfigFileManager.swift */ = {isa = PBXFileReference; lastKnownFileType = sourcecode.swift; path = ConfigFileManager.swift; sourceTree = "<group>"; };
		2996D0AB2B6F1FBD00B487D5 /* ScriptState.swift */ = {isa = PBXFileReference; lastKnownFileType = sourcecode.swift; path = ScriptState.swift; sourceTree = "<group>"; };
		29A1E0B82B80F45900B18AC1 /* LoraModel.swift */ = {isa = PBXFileReference; lastKnownFileType = sourcecode.swift; path = LoraModel.swift; sourceTree = "<group>"; };
		29A1E0BE2B81057300B18AC1 /* ScriptManagerObserver.swift */ = {isa = PBXFileReference; lastKnownFileType = sourcecode.swift; path = ScriptManagerObserver.swift; sourceTree = "<group>"; };
		29A1E0C42B81200200B18AC1 /* AutomaticApiService.swift */ = {isa = PBXFileReference; lastKnownFileType = sourcecode.swift; path = AutomaticApiService.swift; sourceTree = "<group>"; };
		29A1E0C82B81374500B18AC1 /* ModelManager.swift */ = {isa = PBXFileReference; lastKnownFileType = sourcecode.swift; path = ModelManager.swift; sourceTree = "<group>"; };
		29B1D9D42B753B8D009B6F03 /* AppFileStructure.swift */ = {isa = PBXFileReference; lastKnownFileType = sourcecode.swift; path = AppFileStructure.swift; sourceTree = "<group>"; };
		29B1D9D72B755965009B6F03 /* AppDirectory.swift */ = {isa = PBXFileReference; lastKnownFileType = sourcecode.swift; path = AppDirectory.swift; sourceTree = "<group>"; };
		29B571782B756F320057DD50 /* CheckpointPreferencesView.swift */ = {isa = PBXFileReference; lastKnownFileType = sourcecode.swift; path = CheckpointPreferencesView.swift; sourceTree = "<group>"; };
		29B5717C2B758D7E0057DD50 /* CheckpointModel.swift */ = {isa = PBXFileReference; lastKnownFileType = sourcecode.swift; path = CheckpointModel.swift; sourceTree = "<group>"; };
		29B5717E2B75AB1E0057DD50 /* HalfMaxWidthView.swift */ = {isa = PBXFileReference; lastKnownFileType = sourcecode.swift; path = HalfMaxWidthView.swift; sourceTree = "<group>"; };
		29B571812B75AE410057DD50 /* PromptRows.swift */ = {isa = PBXFileReference; lastKnownFileType = sourcecode.swift; path = PromptRows.swift; sourceTree = "<group>"; };
		29B571832B75B2070057DD50 /* SeedRows.swift */ = {isa = PBXFileReference; lastKnownFileType = sourcecode.swift; path = SeedRows.swift; sourceTree = "<group>"; };
		29B571872B75C53C0057DD50 /* ContentView+Generate.swift */ = {isa = PBXFileReference; lastKnownFileType = sourcecode.swift; path = "ContentView+Generate.swift"; sourceTree = "<group>"; };
		29B571892B75E4F10057DD50 /* PromptView+ParseCivitai.swift */ = {isa = PBXFileReference; lastKnownFileType = sourcecode.swift; path = "PromptView+ParseCivitai.swift"; sourceTree = "<group>"; };
		29C0F35E2B79BDA80017DD6B /* NotificationUtility.swift */ = {isa = PBXFileReference; lastKnownFileType = sourcecode.swift; path = NotificationUtility.swift; sourceTree = "<group>"; };
		29C0F3622B79C8020017DD6B /* FullscreenImageView.swift */ = {isa = PBXFileReference; lastKnownFileType = sourcecode.swift; path = FullscreenImageView.swift; sourceTree = "<group>"; };
		29C0F3642B79C81F0017DD6B /* ImageWindowManager.swift */ = {isa = PBXFileReference; lastKnownFileType = sourcecode.swift; path = ImageWindowManager.swift; sourceTree = "<group>"; };
		29C0F36A2B79D2CA0017DD6B /* FileNode.swift */ = {isa = PBXFileReference; lastKnownFileType = sourcecode.swift; path = FileNode.swift; sourceTree = "<group>"; };
		29C0F36C2B79D2F80017DD6B /* FileHierarchy+Control.swift */ = {isa = PBXFileReference; lastKnownFileType = sourcecode.swift; path = "FileHierarchy+Control.swift"; sourceTree = "<group>"; };
		29C0F36E2B7A5C3D0017DD6B /* UpdatesView.swift */ = {isa = PBXFileReference; lastKnownFileType = sourcecode.swift; path = UpdatesView.swift; sourceTree = "<group>"; };
		29C0F3702B7A62180017DD6B /* WindowManager.swift */ = {isa = PBXFileReference; lastKnownFileType = sourcecode.swift; path = WindowManager.swift; sourceTree = "<group>"; };
		29C0F3742B7A75960017DD6B /* CopyPasteUtility.swift */ = {isa = PBXFileReference; lastKnownFileType = sourcecode.swift; path = CopyPasteUtility.swift; sourceTree = "<group>"; };
		29C0F3762B7AA6310017DD6B /* AppDelegate.swift */ = {isa = PBXFileReference; lastKnownFileType = sourcecode.swift; path = AppDelegate.swift; sourceTree = "<group>"; };
		29C0F3782B7AA6F40017DD6B /* App+Setup.swift */ = {isa = PBXFileReference; lastKnownFileType = sourcecode.swift; path = "App+Setup.swift"; sourceTree = "<group>"; };
		29C0F37C2B7AB3D50017DD6B /* UserSettings+URLs.swift */ = {isa = PBXFileReference; lastKnownFileType = sourcecode.swift; path = "UserSettings+URLs.swift"; sourceTree = "<group>"; };
		29C0F37F2B7ABF050017DD6B /* GeneralSection.swift */ = {isa = PBXFileReference; lastKnownFileType = sourcecode.swift; path = GeneralSection.swift; sourceTree = "<group>"; };
		29C0F3812B7ABF210017DD6B /* FilesSection.swift */ = {isa = PBXFileReference; lastKnownFileType = sourcecode.swift; path = FilesSection.swift; sourceTree = "<group>"; };
		29C0F3832B7ABF2E0017DD6B /* PromptSection.swift */ = {isa = PBXFileReference; lastKnownFileType = sourcecode.swift; path = PromptSection.swift; sourceTree = "<group>"; };
		29C0F3852B7ABF3A0017DD6B /* EngineSection.swift */ = {isa = PBXFileReference; lastKnownFileType = sourcecode.swift; path = EngineSection.swift; sourceTree = "<group>"; };
		29C0F3872B7ABF430017DD6B /* DeveloperSection.swift */ = {isa = PBXFileReference; lastKnownFileType = sourcecode.swift; path = DeveloperSection.swift; sourceTree = "<group>"; };
		29C0F38A2B7AC25C0017DD6B /* SettingsSectionHeader.swift */ = {isa = PBXFileReference; lastKnownFileType = sourcecode.swift; path = SettingsSectionHeader.swift; sourceTree = "<group>"; };
		29C0F38C2B7AC2C70017DD6B /* ToolbarTabButtonStyle.swift */ = {isa = PBXFileReference; lastKnownFileType = sourcecode.swift; path = ToolbarTabButtonStyle.swift; sourceTree = "<group>"; };
		29C0F38E2B7AC3380017DD6B /* BrowseFileRow.swift */ = {isa = PBXFileReference; lastKnownFileType = sourcecode.swift; path = BrowseFileRow.swift; sourceTree = "<group>"; };
		29C0F3902B7AC36B0017DD6B /* ToggleWithHeader.swift */ = {isa = PBXFileReference; lastKnownFileType = sourcecode.swift; path = ToggleWithHeader.swift; sourceTree = "<group>"; };
		29C0F3922B7AC3F40017DD6B /* SettingsTab.swift */ = {isa = PBXFileReference; lastKnownFileType = sourcecode.swift; path = SettingsTab.swift; sourceTree = "<group>"; };
		29D362382B72E59F006C57B3 /* FileUtility.swift */ = {isa = PBXFileReference; lastKnownFileType = sourcecode.swift; path = FileUtility.swift; sourceTree = "<group>"; };
		29D3623B2B72ED4D006C57B3 /* CheckpointManagerView.swift */ = {isa = PBXFileReference; lastKnownFileType = sourcecode.swift; path = CheckpointManagerView.swift; sourceTree = "<group>"; };
		29D3623D2B730F05006C57B3 /* DirectoryObserver.swift */ = {isa = PBXFileReference; lastKnownFileType = sourcecode.swift; path = DirectoryObserver.swift; sourceTree = "<group>"; };
		29D3623F2B7317E1006C57B3 /* CheckpointModelsManager.swift */ = {isa = PBXFileReference; lastKnownFileType = sourcecode.swift; path = CheckpointModelsManager.swift; sourceTree = "<group>"; };
		29F0D3022B76C9DD00BF56CE /* ModelLoadState.swift */ = {isa = PBXFileReference; lastKnownFileType = sourcecode.swift; path = ModelLoadState.swift; sourceTree = "<group>"; };
		29F0D3042B76D12400BF56CE /* CheckpointMetadata.swift */ = {isa = PBXFileReference; lastKnownFileType = sourcecode.swift; path = CheckpointMetadata.swift; sourceTree = "<group>"; };
		29F0D3062B76F66A00BF56CE /* GenerationStatus.swift */ = {isa = PBXFileReference; lastKnownFileType = sourcecode.swift; path = GenerationStatus.swift; sourceTree = "<group>"; };
		29F6D5EA2B72B15E00613242 /* Metal.framework */ = {isa = PBXFileReference; lastKnownFileType = wrapper.framework; name = Metal.framework; path = System/Library/Frameworks/Metal.framework; sourceTree = SDKROOT; };
/* End PBXFileReference section */

/* Begin PBXFrameworksBuildPhase section */
		2996D08D2B6ED5B000B487D5 /* Frameworks */ = {
			isa = PBXFrameworksBuildPhase;
			buildActionMask = 2147483647;
			files = (
				29F6D5EB2B72B15E00613242 /* Metal.framework in Frameworks */,
				29F6D5EE2B72BCBA00613242 /* CompactSlider in Frameworks */,
			);
			runOnlyForDeploymentPostprocessing = 0;
		};
/* End PBXFrameworksBuildPhase section */

/* Begin PBXGroup section */
		290A34AE2B7C432100963C6E /* SidebarView */ = {
			isa = PBXGroup;
			children = (
				291635A42B7EAEAB00D47EEF /* Components */,
				292CE81C2B81BA3D00116D60 /* MapModelData */,
				290A34AC2B7C360100963C6E /* SidebarModel.swift */,
				290A34B12B7C894500963C6E /* SidebarView.swift */,
				290A34B52B7D597C00963C6E /* SidebarViewModel.swift */,
			);
			path = SidebarView;
			sourceTree = "<group>";
		};
		29145E6D2B77D80400BFA64B /* DebugPromptViews */ = {
			isa = PBXGroup;
			children = (
				29145E6E2B77D82A00BFA64B /* DebugPromptStatusView.swift */,
				29145E792B77DCEB00BFA64B /* DebugPromptActionView.swift */,
			);
			path = DebugPromptViews;
			sourceTree = "<group>";
		};
		29145E702B77D94900BFA64B /* PromptStatusBar */ = {
			isa = PBXGroup;
			children = (
				29145E722B77D99400BFA64B /* PromptTopStatusBar.swift */,
				29145E772B77DCAE00BFA64B /* PromptBottomStatusBar.swift */,
				29708F932B803350004A95AD /* PasteGenerationDataStatusBar.swift */,
			);
			path = PromptStatusBar;
			sourceTree = "<group>";
		};
		29145E742B77DBCE00BFA64B /* CommonPreviews */ = {
			isa = PBXGroup;
			children = (
				29145E752B77DBDA00BFA64B /* CommonPreviews.swift */,
			);
			path = CommonPreviews;
			sourceTree = "<group>";
		};
		29145E7B2B78110200BFA64B /* ToolbarViews */ = {
			isa = PBXGroup;
			children = (
				29145E7C2B78111200BFA64B /* ToolbarButton.swift */,
			);
			path = ToolbarViews;
			sourceTree = "<group>";
		};
		291635A42B7EAEAB00D47EEF /* Components */ = {
			isa = PBXGroup;
			children = (
				29708F912B7FBECB004A95AD /* VisualEffectView.swift */,
				29708F8E2B7EB600004A95AD /* DisplayOptionsBar */,
			);
			path = Components;
			sourceTree = "<group>";
		};
		2916F3322B7278D4001D14B9 /* SettingsView */ = {
			isa = PBXGroup;
			children = (
				29623E382B79886000EC719F /* RequiredInputPaths */,
				29C0F3922B7AC3F40017DD6B /* SettingsTab.swift */,
				2916F3332B7278FD001D14B9 /* SettingsView.swift */,
				29C0F37E2B7ABED50017DD6B /* SettingsSections */,
				296AA9EF2B769B2A00CF0658 /* UserSettings.swift */,
				29C0F37C2B7AB3D50017DD6B /* UserSettings+URLs.swift */,
			);
			path = SettingsView;
			sourceTree = "<group>";
		};
		2916F3352B728586001D14B9 /* DetailView */ = {
			isa = PBXGroup;
			children = (
				2916F3362B72859D001D14B9 /* DetailView.swift */,
				2916F33A2B728633001D14B9 /* FileOutlineView.swift */,
				292CE8252B81C0B300116D60 /* FileRow */,
				29C0F3692B79D2BA0017DD6B /* FileHierarchy */,
				29C0F3612B79C7E90017DD6B /* FullscreenImage */,
				293336442B72A3C6007237AA /* Extensions */,
			);
			path = DetailView;
			sourceTree = "<group>";
		};
		292CE8072B8176CA00116D60 /* Checkpoint */ = {
			isa = PBXGroup;
			children = (
				29F0D3042B76D12400BF56CE /* CheckpointMetadata.swift */,
				29B5717C2B758D7E0057DD50 /* CheckpointModel.swift */,
				29D3623F2B7317E1006C57B3 /* CheckpointModelsManager.swift */,
				292CE8082B81771B00116D60 /* CheckpointModelPreferences.swift */,
			);
			path = Checkpoint;
			sourceTree = "<group>";
		};
		292CE80A2B8193C200116D60 /* ImageSaver */ = {
			isa = PBXGroup;
			children = (
				292CE80B2B8193E400116D60 /* ImageSaver.swift */,
				292CE80D2B81943300116D60 /* ImageSaver+Composite.swift */,
			);
			path = ImageSaver;
			sourceTree = "<group>";
		};
		292CE8112B8195A800116D60 /* AutomaticServices */ = {
			isa = PBXGroup;
			children = (
				29A1E0C42B81200200B18AC1 /* AutomaticApiService.swift */,
				292CE80F2B81958700116D60 /* Txt2ImgService.swift */,
			);
			path = AutomaticServices;
			sourceTree = "<group>";
		};
		292CE8122B81AE6F00116D60 /* PromptMenus */ = {
			isa = PBXGroup;
			children = (
				292CE8132B81AE9500116D60 /* CheckpointModelMenu.swift */,
				292CE8152B81B17200116D60 /* SamplingMethodMenu.swift */,
			);
			path = PromptMenus;
			sourceTree = "<group>";
		};
		292CE8172B81B49300116D60 /* ParseGenerationData */ = {
			isa = PBXGroup;
			children = (
				29B571892B75E4F10057DD50 /* PromptView+ParseCivitai.swift */,
			);
			path = ParseGenerationData;
			sourceTree = "<group>";
		};
		292CE81C2B81BA3D00116D60 /* MapModelData */ = {
			isa = PBXGroup;
			children = (
				290A34AF2B7C616A00963C6E /* MapModelData.swift */,
				290A34B32B7D283600963C6E /* SidebarMockDataController.swift */,
			);
			path = MapModelData;
			sourceTree = "<group>";
		};
		292CE81E2B81BCA000116D60 /* PromptView */ = {
			isa = PBXGroup;
			children = (
				29145E6D2B77D80400BFA64B /* DebugPromptViews */,
			);
			path = PromptView;
			sourceTree = "<group>";
		};
		292CE81F2B81BCE100116D60 /* Custom */ = {
			isa = PBXGroup;
			children = (
				29145E7B2B78110200BFA64B /* ToolbarViews */,
				2952BADF2B71F64F002FC885 /* CustomViews */,
			);
			path = Custom;
			sourceTree = "<group>";
		};
		292CE8222B81BD3C00116D60 /* MainViews */ = {
			isa = PBXGroup;
			children = (
				29C0F37A2B7AB22F0017DD6B /* ContentView */,
				290A34AE2B7C432100963C6E /* SidebarView */,
				293336472B72A5CE007237AA /* PromptView */,
				2916F3352B728586001D14B9 /* DetailView */,
			);
			path = MainViews;
			sourceTree = "<group>";
		};
		292CE8232B81BD6700116D60 /* WindowViews */ = {
			isa = PBXGroup;
			children = (
				29C0F37B2B7AB37E0017DD6B /* UpdatesView */,
				29D3623A2B72ED3B006C57B3 /* CheckpointManagerView */,
				2916F3322B7278D4001D14B9 /* SettingsView */,
			);
			path = WindowViews;
			sourceTree = "<group>";
		};
		292CE8242B81BDB000116D60 /* Views */ = {
			isa = PBXGroup;
			children = (
				292CE8222B81BD3C00116D60 /* MainViews */,
				292CE8232B81BD6700116D60 /* WindowViews */,
				297196472B715061000F7960 /* OtherViews */,
			);
			path = Views;
			sourceTree = "<group>";
		};
		292CE8252B81C0B300116D60 /* FileRow */ = {
			isa = PBXGroup;
			children = (
				2916F33C2B72867C001D14B9 /* FileRowView.swift */,
				2916F33E2B7286A3001D14B9 /* ThumbnailLoader.swift */,
			);
			path = FileRow;
			sourceTree = "<group>";
		};
		292CE8262B8240EC00116D60 /* ContentToolbar */ = {
			isa = PBXGroup;
			children = (
			);
			path = ContentToolbar;
			sourceTree = "<group>";
		};
		293336442B72A3C6007237AA /* Extensions */ = {
			isa = PBXGroup;
			children = (
				293336452B72A3E0007237AA /* NSImageExtensions.swift */,
			);
			path = Extensions;
			sourceTree = "<group>";
		};
		293336472B72A5CE007237AA /* PromptView */ = {
			isa = PBXGroup;
			children = (
				2952BAD82B71B79F002FC885 /* PromptModel.swift */,
				2952BAD62B71AEFA002FC885 /* PromptView.swift */,
				292CE8122B81AE6F00116D60 /* PromptMenus */,
				29145E702B77D94900BFA64B /* PromptStatusBar */,
				29B571802B75AE250057DD50 /* PromptRows */,
				29A1E0C32B81136300B18AC1 /* PromptTextEditor */,
			);
			path = PromptView;
			sourceTree = "<group>";
		};
		293336482B72A67C007237AA /* DebugViews */ = {
			isa = PBXGroup;
			children = (
				292CE81E2B81BCA000116D60 /* PromptView */,
				297196482B7150B5000F7960 /* ConsoleView.swift */,
			);
			path = DebugViews;
			sourceTree = "<group>";
		};
		2942B0742B7B2BBA00D1E0DE /* CustomViews */ = {
			isa = PBXGroup;
			children = (
				2942B0752B7B2BD300D1E0DE /* BackgroundButtonStyles.swift */,
				290A34AA2B7C149B00963C6E /* ContentProgressBar.swift */,
			);
			path = CustomViews;
			sourceTree = "<group>";
		};
		2952BADF2B71F64F002FC885 /* CustomViews */ = {
			isa = PBXGroup;
			children = (
				2952BADD2B71E723002FC885 /* VisualEffectBlurView.swift */,
				29B5717E2B75AB1E0057DD50 /* HalfMaxWidthView.swift */,
			);
			path = CustomViews;
			sourceTree = "<group>";
		};
		29620FDB2B826BCE008EA5EB /* DebugApiView */ = {
			isa = PBXGroup;
			children = (
				29620FE42B8291CF008EA5EB /* ApiModel */,
				29620FDC2B826BDD008EA5EB /* DebugApiView.swift */,
				29620FDE2B8275CE008EA5EB /* CheckpointMenu.swift */,
			);
			path = DebugApiView;
			sourceTree = "<group>";
		};
		29620FE42B8291CF008EA5EB /* ApiModel */ = {
			isa = PBXGroup;
			children = (
				29620FE52B8291E8008EA5EB /* ApiManager.swift */,
				29620FE72B82924E008EA5EB /* CheckpointApiModel.swift */,
				29620FE92B82A23F008EA5EB /* CheckpointsManager.swift */,
			);
			path = ApiModel;
			sourceTree = "<group>";
		};
		29623E382B79886000EC719F /* RequiredInputPaths */ = {
			isa = PBXGroup;
			children = (
				29623E362B797B5900EC719F /* RequiredInputPathsView.swift */,
				29623E392B79888500EC719F /* RequiredInputPathsPulsatingButton.swift */,
			);
			path = RequiredInputPaths;
			sourceTree = "<group>";
		};
		29708F8E2B7EB600004A95AD /* DisplayOptionsBar */ = {
			isa = PBXGroup;
			children = (
				29708F8F2B7EB632004A95AD /* DisplayOptionsBar.swift */,
				29708F8C2B7EB2BE004A95AD /* HoverToggleButton.swift */,
				291635A52B7EAEE200D47EEF /* SegmentedDisplayOptions.swift */,
			);
			path = DisplayOptionsBar;
			sourceTree = "<group>";
		};
		297196472B715061000F7960 /* OtherViews */ = {
			isa = PBXGroup;
			children = (
				29145E742B77DBCE00BFA64B /* CommonPreviews */,
				292CE81F2B81BCE100116D60 /* Custom */,
				293336482B72A67C007237AA /* DebugViews */,
			);
			path = OtherViews;
			sourceTree = "<group>";
		};
		2971964A2B715184000F7960 /* App */ = {
			isa = PBXGroup;
			children = (
				2971964B2B715191000F7960 /* Constants.swift */,
				297196542B715A58000F7960 /* Debug.swift */,
				29B1D9D62B755929009B6F03 /* AppStructure */,
			);
			path = App;
			sourceTree = "<group>";
		};
		297196512B715380000F7960 /* Services */ = {
			isa = PBXGroup;
			children = (
				292CE8112B8195A800116D60 /* AutomaticServices */,
				297196522B71538C000F7960 /* FilePickerService.swift */,
			);
			path = Services;
			sourceTree = "<group>";
		};
		2971965A2B7174AD000F7960 /* FileManagers */ = {
			isa = PBXGroup;
			children = (
				2996D0A82B6EEFA700B487D5 /* ConfigFileManager.swift */,
			);
			path = FileManagers;
			sourceTree = "<group>";
		};
		2971965B2B717672000F7960 /* PythonProcess */ = {
			isa = PBXGroup;
			children = (
				297196602B718BB1000F7960 /* PythonProcess.swift */,
				297196622B719205000F7960 /* ScriptManager+PythonProcess.swift */,
				297196662B719CA5000F7960 /* ScriptManager+TerminateAll.swift */,
			);
			path = PythonProcess;
			sourceTree = "<group>";
		};
		297196682B71A03D000F7960 /* Extensions */ = {
			isa = PBXGroup;
			children = (
				297196642B719C32000F7960 /* ScriptManager+ServiceAvailability.swift */,
			);
			path = Extensions;
			sourceTree = "<group>";
		};
		297196692B71A5A2000F7960 /* Utilities */ = {
			isa = PBXGroup;
			children = (
				292CE8172B81B49300116D60 /* ParseGenerationData */,
				292CE80A2B8193C200116D60 /* ImageSaver */,
				2971966A2B71A5AC000F7960 /* Delay.swift */,
				29D362382B72E59F006C57B3 /* FileUtility.swift */,
				29C0F35E2B79BDA80017DD6B /* NotificationUtility.swift */,
				29C0F3742B7A75960017DD6B /* CopyPasteUtility.swift */,
				292CE8272B82430000116D60 /* SoundUtility.swift */,
			);
			path = Utilities;
			sourceTree = "<group>";
		};
		2996D0872B6ED5B000B487D5 = {
			isa = PBXGroup;
			children = (
				2996D0922B6ED5B000B487D5 /* SwiftDiffusion */,
				2996D0912B6ED5B000B487D5 /* Products */,
				29F6D5E92B72B15E00613242 /* Frameworks */,
			);
			sourceTree = "<group>";
		};
		2996D0912B6ED5B000B487D5 /* Products */ = {
			isa = PBXGroup;
			children = (
				2996D0902B6ED5B000B487D5 /* SwiftDiffusion.app */,
			);
			name = Products;
			sourceTree = "<group>";
		};
		2996D0922B6ED5B000B487D5 /* SwiftDiffusion */ = {
			isa = PBXGroup;
			children = (
				2996D0932B6ED5B000B487D5 /* SwiftDiffusionApp.swift */,
				29C0F3762B7AA6310017DD6B /* AppDelegate.swift */,
				29C0F3702B7A62180017DD6B /* WindowManager.swift */,
				29A1E0C02B810C8C00B18AC1 /* Observers */,
				29A1E0B62B80F43C00B18AC1 /* AutomaticModels */,
				29620FDB2B826BCE008EA5EB /* DebugApiView */,
				292CE8242B81BDB000116D60 /* Views */,
				2996D0A42B6EE44E00B487D5 /* ScriptManager */,
				297196512B715380000F7960 /* Services */,
				297196692B71A5A2000F7960 /* Utilities */,
				2971964A2B715184000F7960 /* App */,
				2996D0972B6ED5B100B487D5 /* Assets.xcassets */,
				2996D09C2B6ED5B100B487D5 /* SwiftDiffusion.entitlements */,
				2996D0992B6ED5B100B487D5 /* Preview Content */,
			);
			path = SwiftDiffusion;
			sourceTree = "<group>";
		};
		2996D0992B6ED5B100B487D5 /* Preview Content */ = {
			isa = PBXGroup;
			children = (
				2996D09A2B6ED5B100B487D5 /* Preview Assets.xcassets */,
			);
			path = "Preview Content";
			sourceTree = "<group>";
		};
		2996D0A42B6EE44E00B487D5 /* ScriptManager */ = {
			isa = PBXGroup;
			children = (
				2971965B2B717672000F7960 /* PythonProcess */,
				2971965A2B7174AD000F7960 /* FileManagers */,
				2996D0A52B6EE45E00B487D5 /* ScriptManager */,
			);
			path = ScriptManager;
			sourceTree = "<group>";
		};
		2996D0A52B6EE45E00B487D5 /* ScriptManager */ = {
			isa = PBXGroup;
			children = (
				297196682B71A03D000F7960 /* Extensions */,
				2996D0A62B6EE47A00B487D5 /* ScriptManager.swift */,
				2996D0AB2B6F1FBD00B487D5 /* ScriptState.swift */,
				2971965E2B71770B000F7960 /* ScriptSetupHelper.swift */,
				29F0D3022B76C9DD00BF56CE /* ModelLoadState.swift */,
				29F0D3062B76F66A00BF56CE /* GenerationStatus.swift */,
				29145E6B2B77CD1600BFA64B /* StateDebugInfo.swift */,
			);
			path = ScriptManager;
			sourceTree = "<group>";
		};
		29A1E0B62B80F43C00B18AC1 /* AutomaticModels */ = {
			isa = PBXGroup;
			children = (
				29A1E0C82B81374500B18AC1 /* ModelManager.swift */,
				292CE8072B8176CA00116D60 /* Checkpoint */,
				29A1E0B72B80F44500B18AC1 /* Lora */,
			);
			path = AutomaticModels;
			sourceTree = "<group>";
		};
		29A1E0B72B80F44500B18AC1 /* Lora */ = {
			isa = PBXGroup;
			children = (
				29A1E0B82B80F45900B18AC1 /* LoraModel.swift */,
			);
			path = Lora;
			sourceTree = "<group>";
		};
		29A1E0C02B810C8C00B18AC1 /* Observers */ = {
			isa = PBXGroup;
			children = (
				29D3623D2B730F05006C57B3 /* DirectoryObserver.swift */,
				29A1E0BE2B81057300B18AC1 /* ScriptManagerObserver.swift */,
			);
			path = Observers;
			sourceTree = "<group>";
		};
		29A1E0C32B81136300B18AC1 /* PromptTextEditor */ = {
			isa = PBXGroup;
			children = (
				2952BADB2B71C4C6002FC885 /* PromptEditorView.swift */,
			);
			path = PromptTextEditor;
			sourceTree = "<group>";
		};
		29B1D9D62B755929009B6F03 /* AppStructure */ = {
			isa = PBXGroup;
			children = (
				29B1D9D72B755965009B6F03 /* AppDirectory.swift */,
				29145E7E2B782BB600BFA64B /* AppDocuments.swift */,
				29B1D9D42B753B8D009B6F03 /* AppFileStructure.swift */,
				29C0F3782B7AA6F40017DD6B /* App+Setup.swift */,
			);
			path = AppStructure;
			sourceTree = "<group>";
		};
		29B571802B75AE250057DD50 /* PromptRows */ = {
			isa = PBXGroup;
			children = (
				29B571812B75AE410057DD50 /* PromptRows.swift */,
				29B571832B75B2070057DD50 /* SeedRows.swift */,
			);
			path = PromptRows;
			sourceTree = "<group>";
		};
		29C0F3612B79C7E90017DD6B /* FullscreenImage */ = {
			isa = PBXGroup;
			children = (
				29C0F3622B79C8020017DD6B /* FullscreenImageView.swift */,
				29C0F3642B79C81F0017DD6B /* ImageWindowManager.swift */,
			);
			path = FullscreenImage;
			sourceTree = "<group>";
		};
		29C0F3692B79D2BA0017DD6B /* FileHierarchy */ = {
			isa = PBXGroup;
			children = (
				29C0F36A2B79D2CA0017DD6B /* FileNode.swift */,
				2916F3382B728604001D14B9 /* FileHierarchy.swift */,
				29C0F36C2B79D2F80017DD6B /* FileHierarchy+Control.swift */,
			);
			path = FileHierarchy;
			sourceTree = "<group>";
		};
		29C0F37A2B7AB22F0017DD6B /* ContentView */ = {
			isa = PBXGroup;
			children = (
				292CE8262B8240EC00116D60 /* ContentToolbar */,
				2942B0742B7B2BBA00D1E0DE /* CustomViews */,
				2996D0952B6ED5B000B487D5 /* ContentView.swift */,
				29B571872B75C53C0057DD50 /* ContentView+Generate.swift */,
			);
			path = ContentView;
			sourceTree = "<group>";
		};
		29C0F37B2B7AB37E0017DD6B /* UpdatesView */ = {
			isa = PBXGroup;
			children = (
				29C0F36E2B7A5C3D0017DD6B /* UpdatesView.swift */,
			);
			path = UpdatesView;
			sourceTree = "<group>";
		};
		29C0F37E2B7ABED50017DD6B /* SettingsSections */ = {
			isa = PBXGroup;
			children = (
				29C0F37F2B7ABF050017DD6B /* GeneralSection.swift */,
				29C0F3812B7ABF210017DD6B /* FilesSection.swift */,
				29C0F3832B7ABF2E0017DD6B /* PromptSection.swift */,
				29C0F3852B7ABF3A0017DD6B /* EngineSection.swift */,
				29C0F3872B7ABF430017DD6B /* DeveloperSection.swift */,
				29C0F3892B7AC23A0017DD6B /* CustomViews */,
			);
			path = SettingsSections;
			sourceTree = "<group>";
		};
		29C0F3892B7AC23A0017DD6B /* CustomViews */ = {
			isa = PBXGroup;
			children = (
				29C0F38A2B7AC25C0017DD6B /* SettingsSectionHeader.swift */,
				29C0F3902B7AC36B0017DD6B /* ToggleWithHeader.swift */,
				29C0F38C2B7AC2C70017DD6B /* ToolbarTabButtonStyle.swift */,
				29C0F38E2B7AC3380017DD6B /* BrowseFileRow.swift */,
			);
			path = CustomViews;
			sourceTree = "<group>";
		};
		29D3623A2B72ED3B006C57B3 /* CheckpointManagerView */ = {
			isa = PBXGroup;
			children = (
				29D3623B2B72ED4D006C57B3 /* CheckpointManagerView.swift */,
				29B571782B756F320057DD50 /* CheckpointPreferencesView.swift */,
			);
			path = CheckpointManagerView;
			sourceTree = "<group>";
		};
		29F6D5E92B72B15E00613242 /* Frameworks */ = {
			isa = PBXGroup;
			children = (
				29F6D5EA2B72B15E00613242 /* Metal.framework */,
			);
			name = Frameworks;
			sourceTree = "<group>";
		};
/* End PBXGroup section */

/* Begin PBXNativeTarget section */
		2996D08F2B6ED5B000B487D5 /* SwiftDiffusion */ = {
			isa = PBXNativeTarget;
			buildConfigurationList = 2996D09F2B6ED5B100B487D5 /* Build configuration list for PBXNativeTarget "SwiftDiffusion" */;
			buildPhases = (
				2996D08C2B6ED5B000B487D5 /* Sources */,
				2996D08D2B6ED5B000B487D5 /* Frameworks */,
				2996D08E2B6ED5B000B487D5 /* Resources */,
			);
			buildRules = (
			);
			dependencies = (
			);
			name = SwiftDiffusion;
			packageProductDependencies = (
				29F6D5ED2B72BCBA00613242 /* CompactSlider */,
			);
			productName = SwiftDiffusion;
			productReference = 2996D0902B6ED5B000B487D5 /* SwiftDiffusion.app */;
			productType = "com.apple.product-type.application";
		};
/* End PBXNativeTarget section */

/* Begin PBXProject section */
		2996D0882B6ED5B000B487D5 /* Project object */ = {
			isa = PBXProject;
			attributes = {
				BuildIndependentTargetsInParallel = 1;
				LastSwiftUpdateCheck = 1520;
				LastUpgradeCheck = 1520;
				TargetAttributes = {
					2996D08F2B6ED5B000B487D5 = {
						CreatedOnToolsVersion = 15.2;
					};
				};
			};
			buildConfigurationList = 2996D08B2B6ED5B000B487D5 /* Build configuration list for PBXProject "SwiftDiffusion" */;
			compatibilityVersion = "Xcode 14.0";
			developmentRegion = en;
			hasScannedForEncodings = 0;
			knownRegions = (
				en,
				Base,
			);
			mainGroup = 2996D0872B6ED5B000B487D5;
			packageReferences = (
				29F6D5EC2B72BCBA00613242 /* XCRemoteSwiftPackageReference "CompactSlider" */,
			);
			productRefGroup = 2996D0912B6ED5B000B487D5 /* Products */;
			projectDirPath = "";
			projectRoot = "";
			targets = (
				2996D08F2B6ED5B000B487D5 /* SwiftDiffusion */,
			);
		};
/* End PBXProject section */

/* Begin PBXResourcesBuildPhase section */
		2996D08E2B6ED5B000B487D5 /* Resources */ = {
			isa = PBXResourcesBuildPhase;
			buildActionMask = 2147483647;
			files = (
				2996D09B2B6ED5B100B487D5 /* Preview Assets.xcassets in Resources */,
				2996D0982B6ED5B100B487D5 /* Assets.xcassets in Resources */,
			);
			runOnlyForDeploymentPostprocessing = 0;
		};
/* End PBXResourcesBuildPhase section */

/* Begin PBXSourcesBuildPhase section */
		2996D08C2B6ED5B000B487D5 /* Sources */ = {
			isa = PBXSourcesBuildPhase;
			buildActionMask = 2147483647;
			files = (
				290A34B22B7C894500963C6E /* SidebarView.swift in Sources */,
				29B571822B75AE410057DD50 /* PromptRows.swift in Sources */,
				2996D0962B6ED5B000B487D5 /* ContentView.swift in Sources */,
				2952BADE2B71E723002FC885 /* VisualEffectBlurView.swift in Sources */,
				29708F922B7FBECB004A95AD /* VisualEffectView.swift in Sources */,
				2952BADC2B71C4C6002FC885 /* PromptEditorView.swift in Sources */,
				2942B0762B7B2BD300D1E0DE /* BackgroundButtonStyles.swift in Sources */,
				290A34AD2B7C360100963C6E /* SidebarModel.swift in Sources */,
				29C0F37D2B7AB3D50017DD6B /* UserSettings+URLs.swift in Sources */,
				29C0F36B2B79D2CA0017DD6B /* FileNode.swift in Sources */,
				29145E7D2B78111200BFA64B /* ToolbarButton.swift in Sources */,
				29C0F36F2B7A5C3D0017DD6B /* UpdatesView.swift in Sources */,
				29708F942B803350004A95AD /* PasteGenerationDataStatusBar.swift in Sources */,
				290A34B02B7C616A00963C6E /* MapModelData.swift in Sources */,
				29B1D9D82B755965009B6F03 /* AppDirectory.swift in Sources */,
				292CE8102B81958700116D60 /* Txt2ImgService.swift in Sources */,
				29A1E0C52B81200200B18AC1 /* AutomaticApiService.swift in Sources */,
				29620FDD2B826BDD008EA5EB /* DebugApiView.swift in Sources */,
				29B571842B75B2070057DD50 /* SeedRows.swift in Sources */,
				29B1D9D52B753B8D009B6F03 /* AppFileStructure.swift in Sources */,
				29A1E0C92B81374500B18AC1 /* ModelManager.swift in Sources */,
				29D3623E2B730F05006C57B3 /* DirectoryObserver.swift in Sources */,
				2996D0942B6ED5B000B487D5 /* SwiftDiffusionApp.swift in Sources */,
				29708F8D2B7EB2BE004A95AD /* HoverToggleButton.swift in Sources */,
				29145E762B77DBDA00BFA64B /* CommonPreviews.swift in Sources */,
				292CE8162B81B17200116D60 /* SamplingMethodMenu.swift in Sources */,
				29C0F36D2B79D2F80017DD6B /* FileHierarchy+Control.swift in Sources */,
				29B5717F2B75AB1E0057DD50 /* HalfMaxWidthView.swift in Sources */,
				297196652B719C32000F7960 /* ScriptManager+ServiceAvailability.swift in Sources */,
				292CE8282B82430000116D60 /* SoundUtility.swift in Sources */,
				2916F3342B7278FD001D14B9 /* SettingsView.swift in Sources */,
				29F0D3032B76C9DD00BF56CE /* ModelLoadState.swift in Sources */,
				2996D0A72B6EE47A00B487D5 /* ScriptManager.swift in Sources */,
				29B571882B75C53C0057DD50 /* ContentView+Generate.swift in Sources */,
				297196672B719CA5000F7960 /* ScriptManager+TerminateAll.swift in Sources */,
				29C0F3882B7ABF430017DD6B /* DeveloperSection.swift in Sources */,
				29C0F35F2B79BDA80017DD6B /* NotificationUtility.swift in Sources */,
				292CE8142B81AE9500116D60 /* CheckpointModelMenu.swift in Sources */,
				29145E732B77D99400BFA64B /* PromptTopStatusBar.swift in Sources */,
				297196612B718BB1000F7960 /* PythonProcess.swift in Sources */,
				29623E372B797B5900EC719F /* RequiredInputPathsView.swift in Sources */,
				29F0D3052B76D12400BF56CE /* CheckpointMetadata.swift in Sources */,
				290A34AB2B7C149B00963C6E /* ContentProgressBar.swift in Sources */,
				291635A62B7EAEE200D47EEF /* SegmentedDisplayOptions.swift in Sources */,
				29145E7A2B77DCEB00BFA64B /* DebugPromptActionView.swift in Sources */,
				2916F33B2B728633001D14B9 /* FileOutlineView.swift in Sources */,
				29623E3A2B79888500EC719F /* RequiredInputPathsPulsatingButton.swift in Sources */,
				29145E7F2B782BB600BFA64B /* AppDocuments.swift in Sources */,
				29708F902B7EB632004A95AD /* DisplayOptionsBar.swift in Sources */,
				29B571792B756F320057DD50 /* CheckpointPreferencesView.swift in Sources */,
				29D362402B7317E1006C57B3 /* CheckpointModelsManager.swift in Sources */,
				2996D0AC2B6F1FBD00B487D5 /* ScriptState.swift in Sources */,
				29C0F38F2B7AC3380017DD6B /* BrowseFileRow.swift in Sources */,
				29145E6C2B77CD1600BFA64B /* StateDebugInfo.swift in Sources */,
				2916F3372B72859D001D14B9 /* DetailView.swift in Sources */,
				29C0F3822B7ABF210017DD6B /* FilesSection.swift in Sources */,
				29B5717D2B758D7E0057DD50 /* CheckpointModel.swift in Sources */,
				29620FDF2B8275CE008EA5EB /* CheckpointMenu.swift in Sources */,
				29145E6F2B77D82A00BFA64B /* DebugPromptStatusView.swift in Sources */,
				297196552B715A58000F7960 /* Debug.swift in Sources */,
				292CE80E2B81943300116D60 /* ImageSaver+Composite.swift in Sources */,
				29C0F3792B7AA6F40017DD6B /* App+Setup.swift in Sources */,
				29620FEA2B82A23F008EA5EB /* CheckpointsManager.swift in Sources */,
				2952BAD92B71B79F002FC885 /* PromptModel.swift in Sources */,
				29C0F3772B7AA6310017DD6B /* AppDelegate.swift in Sources */,
				29C0F38D2B7AC2C70017DD6B /* ToolbarTabButtonStyle.swift in Sources */,
				29C0F38B2B7AC25C0017DD6B /* SettingsSectionHeader.swift in Sources */,
				29C0F3932B7AC3F40017DD6B /* SettingsTab.swift in Sources */,
				2971964C2B715191000F7960 /* Constants.swift in Sources */,
				29B5718A2B75E4F10057DD50 /* PromptView+ParseCivitai.swift in Sources */,
				2916F33F2B7286A3001D14B9 /* ThumbnailLoader.swift in Sources */,
				2916F33D2B72867C001D14B9 /* FileRowView.swift in Sources */,
				2952BAD72B71AEFA002FC885 /* PromptView.swift in Sources */,
				290A34B42B7D283600963C6E /* SidebarMockDataController.swift in Sources */,
				2971966B2B71A5AC000F7960 /* Delay.swift in Sources */,
				29A1E0BF2B81057300B18AC1 /* ScriptManagerObserver.swift in Sources */,
				292CE8092B81771B00116D60 /* CheckpointModelPreferences.swift in Sources */,
				297196532B71538C000F7960 /* FilePickerService.swift in Sources */,
				29620FE82B82924E008EA5EB /* CheckpointApiModel.swift in Sources */,
				29C0F3862B7ABF3A0017DD6B /* EngineSection.swift in Sources */,
				293336462B72A3E0007237AA /* NSImageExtensions.swift in Sources */,
				296AA9F02B769B2A00CF0658 /* UserSettings.swift in Sources */,
				29620FE62B8291E8008EA5EB /* ApiManager.swift in Sources */,
				297196492B7150B5000F7960 /* ConsoleView.swift in Sources */,
				2996D0A92B6EEFA700B487D5 /* ConfigFileManager.swift in Sources */,
				29145E782B77DCAE00BFA64B /* PromptBottomStatusBar.swift in Sources */,
				29C0F3842B7ABF2E0017DD6B /* PromptSection.swift in Sources */,
				2916F3392B728604001D14B9 /* FileHierarchy.swift in Sources */,
				29A1E0B92B80F45900B18AC1 /* LoraModel.swift in Sources */,
				29F0D3072B76F66A00BF56CE /* GenerationStatus.swift in Sources */,
				29C0F3912B7AC36B0017DD6B /* ToggleWithHeader.swift in Sources */,
				29C0F3652B79C81F0017DD6B /* ImageWindowManager.swift in Sources */,
				29C0F3712B7A62180017DD6B /* WindowManager.swift in Sources */,
				29C0F3802B7ABF050017DD6B /* GeneralSection.swift in Sources */,
				29D362392B72E59F006C57B3 /* FileUtility.swift in Sources */,
				290A34B62B7D597C00963C6E /* SidebarViewModel.swift in Sources */,
				292CE80C2B8193E400116D60 /* ImageSaver.swift in Sources */,
				29C0F3632B79C8020017DD6B /* FullscreenImageView.swift in Sources */,
				29D3623C2B72ED4D006C57B3 /* CheckpointManagerView.swift in Sources */,
				29C0F3752B7A75960017DD6B /* CopyPasteUtility.swift in Sources */,
				2971965F2B71770B000F7960 /* ScriptSetupHelper.swift in Sources */,
				297196632B719205000F7960 /* ScriptManager+PythonProcess.swift in Sources */,
			);
			runOnlyForDeploymentPostprocessing = 0;
		};
/* End PBXSourcesBuildPhase section */

/* Begin XCBuildConfiguration section */
		2996D09D2B6ED5B100B487D5 /* Debug */ = {
			isa = XCBuildConfiguration;
			buildSettings = {
				ALWAYS_SEARCH_USER_PATHS = NO;
				ASSETCATALOG_COMPILER_GENERATE_SWIFT_ASSET_SYMBOL_EXTENSIONS = YES;
				CLANG_ANALYZER_NONNULL = YES;
				CLANG_ANALYZER_NUMBER_OBJECT_CONVERSION = YES_AGGRESSIVE;
				CLANG_CXX_LANGUAGE_STANDARD = "gnu++20";
				CLANG_ENABLE_MODULES = YES;
				CLANG_ENABLE_OBJC_ARC = YES;
				CLANG_ENABLE_OBJC_WEAK = YES;
				CLANG_WARN_BLOCK_CAPTURE_AUTORELEASING = YES;
				CLANG_WARN_BOOL_CONVERSION = YES;
				CLANG_WARN_COMMA = YES;
				CLANG_WARN_CONSTANT_CONVERSION = YES;
				CLANG_WARN_DEPRECATED_OBJC_IMPLEMENTATIONS = YES;
				CLANG_WARN_DIRECT_OBJC_ISA_USAGE = YES_ERROR;
				CLANG_WARN_DOCUMENTATION_COMMENTS = YES;
				CLANG_WARN_EMPTY_BODY = YES;
				CLANG_WARN_ENUM_CONVERSION = YES;
				CLANG_WARN_INFINITE_RECURSION = YES;
				CLANG_WARN_INT_CONVERSION = YES;
				CLANG_WARN_NON_LITERAL_NULL_CONVERSION = YES;
				CLANG_WARN_OBJC_IMPLICIT_RETAIN_SELF = YES;
				CLANG_WARN_OBJC_LITERAL_CONVERSION = YES;
				CLANG_WARN_OBJC_ROOT_CLASS = YES_ERROR;
				CLANG_WARN_QUOTED_INCLUDE_IN_FRAMEWORK_HEADER = YES;
				CLANG_WARN_RANGE_LOOP_ANALYSIS = YES;
				CLANG_WARN_STRICT_PROTOTYPES = YES;
				CLANG_WARN_SUSPICIOUS_MOVE = YES;
				CLANG_WARN_UNGUARDED_AVAILABILITY = YES_AGGRESSIVE;
				CLANG_WARN_UNREACHABLE_CODE = YES;
				CLANG_WARN__DUPLICATE_METHOD_MATCH = YES;
				COPY_PHASE_STRIP = NO;
				DEBUG_INFORMATION_FORMAT = dwarf;
				ENABLE_STRICT_OBJC_MSGSEND = YES;
				ENABLE_TESTABILITY = YES;
				ENABLE_USER_SCRIPT_SANDBOXING = YES;
				GCC_C_LANGUAGE_STANDARD = gnu17;
				GCC_DYNAMIC_NO_PIC = NO;
				GCC_NO_COMMON_BLOCKS = YES;
				GCC_OPTIMIZATION_LEVEL = 0;
				GCC_PREPROCESSOR_DEFINITIONS = (
					"DEBUG=1",
					"$(inherited)",
				);
				GCC_WARN_64_TO_32_BIT_CONVERSION = YES;
				GCC_WARN_ABOUT_RETURN_TYPE = YES_ERROR;
				GCC_WARN_UNDECLARED_SELECTOR = YES;
				GCC_WARN_UNINITIALIZED_AUTOS = YES_AGGRESSIVE;
				GCC_WARN_UNUSED_FUNCTION = YES;
				GCC_WARN_UNUSED_VARIABLE = YES;
				LOCALIZATION_PREFERS_STRING_CATALOGS = YES;
				MACOSX_DEPLOYMENT_TARGET = 14.2;
				MTL_ENABLE_DEBUG_INFO = INCLUDE_SOURCE;
				MTL_FAST_MATH = YES;
				ONLY_ACTIVE_ARCH = YES;
				SDKROOT = macosx;
				SWIFT_ACTIVE_COMPILATION_CONDITIONS = "DEBUG $(inherited)";
				SWIFT_OPTIMIZATION_LEVEL = "-Onone";
			};
			name = Debug;
		};
		2996D09E2B6ED5B100B487D5 /* Release */ = {
			isa = XCBuildConfiguration;
			buildSettings = {
				ALWAYS_SEARCH_USER_PATHS = NO;
				ASSETCATALOG_COMPILER_GENERATE_SWIFT_ASSET_SYMBOL_EXTENSIONS = YES;
				CLANG_ANALYZER_NONNULL = YES;
				CLANG_ANALYZER_NUMBER_OBJECT_CONVERSION = YES_AGGRESSIVE;
				CLANG_CXX_LANGUAGE_STANDARD = "gnu++20";
				CLANG_ENABLE_MODULES = YES;
				CLANG_ENABLE_OBJC_ARC = YES;
				CLANG_ENABLE_OBJC_WEAK = YES;
				CLANG_WARN_BLOCK_CAPTURE_AUTORELEASING = YES;
				CLANG_WARN_BOOL_CONVERSION = YES;
				CLANG_WARN_COMMA = YES;
				CLANG_WARN_CONSTANT_CONVERSION = YES;
				CLANG_WARN_DEPRECATED_OBJC_IMPLEMENTATIONS = YES;
				CLANG_WARN_DIRECT_OBJC_ISA_USAGE = YES_ERROR;
				CLANG_WARN_DOCUMENTATION_COMMENTS = YES;
				CLANG_WARN_EMPTY_BODY = YES;
				CLANG_WARN_ENUM_CONVERSION = YES;
				CLANG_WARN_INFINITE_RECURSION = YES;
				CLANG_WARN_INT_CONVERSION = YES;
				CLANG_WARN_NON_LITERAL_NULL_CONVERSION = YES;
				CLANG_WARN_OBJC_IMPLICIT_RETAIN_SELF = YES;
				CLANG_WARN_OBJC_LITERAL_CONVERSION = YES;
				CLANG_WARN_OBJC_ROOT_CLASS = YES_ERROR;
				CLANG_WARN_QUOTED_INCLUDE_IN_FRAMEWORK_HEADER = YES;
				CLANG_WARN_RANGE_LOOP_ANALYSIS = YES;
				CLANG_WARN_STRICT_PROTOTYPES = YES;
				CLANG_WARN_SUSPICIOUS_MOVE = YES;
				CLANG_WARN_UNGUARDED_AVAILABILITY = YES_AGGRESSIVE;
				CLANG_WARN_UNREACHABLE_CODE = YES;
				CLANG_WARN__DUPLICATE_METHOD_MATCH = YES;
				COPY_PHASE_STRIP = NO;
				DEBUG_INFORMATION_FORMAT = "dwarf-with-dsym";
				ENABLE_NS_ASSERTIONS = NO;
				ENABLE_STRICT_OBJC_MSGSEND = YES;
				ENABLE_USER_SCRIPT_SANDBOXING = YES;
				GCC_C_LANGUAGE_STANDARD = gnu17;
				GCC_NO_COMMON_BLOCKS = YES;
				GCC_WARN_64_TO_32_BIT_CONVERSION = YES;
				GCC_WARN_ABOUT_RETURN_TYPE = YES_ERROR;
				GCC_WARN_UNDECLARED_SELECTOR = YES;
				GCC_WARN_UNINITIALIZED_AUTOS = YES_AGGRESSIVE;
				GCC_WARN_UNUSED_FUNCTION = YES;
				GCC_WARN_UNUSED_VARIABLE = YES;
				LOCALIZATION_PREFERS_STRING_CATALOGS = YES;
				MACOSX_DEPLOYMENT_TARGET = 14.2;
				MTL_ENABLE_DEBUG_INFO = NO;
				MTL_FAST_MATH = YES;
				SDKROOT = macosx;
				SWIFT_COMPILATION_MODE = wholemodule;
			};
			name = Release;
		};
		2996D0A02B6ED5B100B487D5 /* Debug */ = {
			isa = XCBuildConfiguration;
			buildSettings = {
				ASSETCATALOG_COMPILER_APPICON_NAME = AppIcon;
				ASSETCATALOG_COMPILER_GLOBAL_ACCENT_COLOR_NAME = AccentColor;
				CODE_SIGN_ENTITLEMENTS = SwiftDiffusion/SwiftDiffusion.entitlements;
				CODE_SIGN_STYLE = Automatic;
				COMBINE_HIDPI_IMAGES = YES;
				CURRENT_PROJECT_VERSION = 100;
				DEVELOPMENT_ASSET_PATHS = "\"SwiftDiffusion/Preview Content\"";
				DEVELOPMENT_TEAM = 85N3S3DG8M;
				ENABLE_HARDENED_RUNTIME = YES;
				ENABLE_PREVIEWS = YES;
				GENERATE_INFOPLIST_FILE = YES;
				INFOPLIST_KEY_NSHumanReadableCopyright = "2024 Justin Bush";
				LD_RUNPATH_SEARCH_PATHS = (
					"$(inherited)",
					"@executable_path/../Frameworks",
				);
				MARKETING_VERSION = 0.0.1;
				PRODUCT_BUNDLE_IDENTIFIER = com.buzsh.SwiftDiffusion;
				PRODUCT_NAME = "$(TARGET_NAME)";
				SWIFT_EMIT_LOC_STRINGS = YES;
				SWIFT_VERSION = 5.0;
			};
			name = Debug;
		};
		2996D0A12B6ED5B100B487D5 /* Release */ = {
			isa = XCBuildConfiguration;
			buildSettings = {
				ASSETCATALOG_COMPILER_APPICON_NAME = AppIcon;
				ASSETCATALOG_COMPILER_GLOBAL_ACCENT_COLOR_NAME = AccentColor;
				CODE_SIGN_ENTITLEMENTS = SwiftDiffusion/SwiftDiffusion.entitlements;
				CODE_SIGN_STYLE = Automatic;
				COMBINE_HIDPI_IMAGES = YES;
				CURRENT_PROJECT_VERSION = 100;
				DEVELOPMENT_ASSET_PATHS = "\"SwiftDiffusion/Preview Content\"";
				DEVELOPMENT_TEAM = 85N3S3DG8M;
				ENABLE_HARDENED_RUNTIME = YES;
				ENABLE_PREVIEWS = YES;
				GENERATE_INFOPLIST_FILE = YES;
				INFOPLIST_KEY_NSHumanReadableCopyright = "2024 Justin Bush";
				LD_RUNPATH_SEARCH_PATHS = (
					"$(inherited)",
					"@executable_path/../Frameworks",
				);
				MARKETING_VERSION = 0.0.1;
				PRODUCT_BUNDLE_IDENTIFIER = com.buzsh.SwiftDiffusion;
				PRODUCT_NAME = "$(TARGET_NAME)";
				SWIFT_EMIT_LOC_STRINGS = YES;
				SWIFT_VERSION = 5.0;
			};
			name = Release;
		};
/* End XCBuildConfiguration section */

/* Begin XCConfigurationList section */
		2996D08B2B6ED5B000B487D5 /* Build configuration list for PBXProject "SwiftDiffusion" */ = {
			isa = XCConfigurationList;
			buildConfigurations = (
				2996D09D2B6ED5B100B487D5 /* Debug */,
				2996D09E2B6ED5B100B487D5 /* Release */,
			);
			defaultConfigurationIsVisible = 0;
			defaultConfigurationName = Release;
		};
		2996D09F2B6ED5B100B487D5 /* Build configuration list for PBXNativeTarget "SwiftDiffusion" */ = {
			isa = XCConfigurationList;
			buildConfigurations = (
				2996D0A02B6ED5B100B487D5 /* Debug */,
				2996D0A12B6ED5B100B487D5 /* Release */,
			);
			defaultConfigurationIsVisible = 0;
			defaultConfigurationName = Release;
		};
/* End XCConfigurationList section */

/* Begin XCRemoteSwiftPackageReference section */
		29F6D5EC2B72BCBA00613242 /* XCRemoteSwiftPackageReference "CompactSlider" */ = {
			isa = XCRemoteSwiftPackageReference;
			repositoryURL = "https://github.com/buh/CompactSlider.git";
			requirement = {
				kind = upToNextMajorVersion;
				minimumVersion = 1.1.5;
			};
		};
/* End XCRemoteSwiftPackageReference section */

/* Begin XCSwiftPackageProductDependency section */
		29F6D5ED2B72BCBA00613242 /* CompactSlider */ = {
			isa = XCSwiftPackageProductDependency;
			package = 29F6D5EC2B72BCBA00613242 /* XCRemoteSwiftPackageReference "CompactSlider" */;
			productName = CompactSlider;
		};
/* End XCSwiftPackageProductDependency section */
	};
	rootObject = 2996D0882B6ED5B000B487D5 /* Project object */;
}
