// !$*UTF8*$!
{
	archiveVersion = 1;
	classes = {
	};
	objectVersion = 56;
	objects = {

/* Begin PBXBuildFile section */
		297196492B7150B5000F7960 /* ConsoleView.swift in Sources */ = {isa = PBXBuildFile; fileRef = 297196482B7150B5000F7960 /* ConsoleView.swift */; };
		2971964C2B715191000F7960 /* Constants.swift in Sources */ = {isa = PBXBuildFile; fileRef = 2971964B2B715191000F7960 /* Constants.swift */; };
		297196532B71538C000F7960 /* FilePickerService.swift in Sources */ = {isa = PBXBuildFile; fileRef = 297196522B71538C000F7960 /* FilePickerService.swift */; };
		2996D0942B6ED5B000B487D5 /* SwiftDiffusionApp.swift in Sources */ = {isa = PBXBuildFile; fileRef = 2996D0932B6ED5B000B487D5 /* SwiftDiffusionApp.swift */; };
		2996D0962B6ED5B000B487D5 /* ContentView.swift in Sources */ = {isa = PBXBuildFile; fileRef = 2996D0952B6ED5B000B487D5 /* ContentView.swift */; };
		2996D0982B6ED5B100B487D5 /* Assets.xcassets in Resources */ = {isa = PBXBuildFile; fileRef = 2996D0972B6ED5B100B487D5 /* Assets.xcassets */; };
		2996D09B2B6ED5B100B487D5 /* Preview Assets.xcassets in Resources */ = {isa = PBXBuildFile; fileRef = 2996D09A2B6ED5B100B487D5 /* Preview Assets.xcassets */; };
		2996D0A72B6EE47A00B487D5 /* ScriptManager.swift in Sources */ = {isa = PBXBuildFile; fileRef = 2996D0A62B6EE47A00B487D5 /* ScriptManager.swift */; };
		2996D0A92B6EEFA700B487D5 /* ConfigFileManager.swift in Sources */ = {isa = PBXBuildFile; fileRef = 2996D0A82B6EEFA700B487D5 /* ConfigFileManager.swift */; };
		2996D0AC2B6F1FBD00B487D5 /* ScriptState.swift in Sources */ = {isa = PBXBuildFile; fileRef = 2996D0AB2B6F1FBD00B487D5 /* ScriptState.swift */; };
/* End PBXBuildFile section */

/* Begin PBXFileReference section */
		297196482B7150B5000F7960 /* ConsoleView.swift */ = {isa = PBXFileReference; lastKnownFileType = sourcecode.swift; path = ConsoleView.swift; sourceTree = "<group>"; };
		2971964B2B715191000F7960 /* Constants.swift */ = {isa = PBXFileReference; lastKnownFileType = sourcecode.swift; path = Constants.swift; sourceTree = "<group>"; };
		297196522B71538C000F7960 /* FilePickerService.swift */ = {isa = PBXFileReference; lastKnownFileType = sourcecode.swift; path = FilePickerService.swift; sourceTree = "<group>"; };
		2996D0902B6ED5B000B487D5 /* SwiftDiffusion.app */ = {isa = PBXFileReference; explicitFileType = wrapper.application; includeInIndex = 0; path = SwiftDiffusion.app; sourceTree = BUILT_PRODUCTS_DIR; };
		2996D0932B6ED5B000B487D5 /* SwiftDiffusionApp.swift */ = {isa = PBXFileReference; lastKnownFileType = sourcecode.swift; path = SwiftDiffusionApp.swift; sourceTree = "<group>"; };
		2996D0952B6ED5B000B487D5 /* ContentView.swift */ = {isa = PBXFileReference; lastKnownFileType = sourcecode.swift; path = ContentView.swift; sourceTree = "<group>"; };
		2996D0972B6ED5B100B487D5 /* Assets.xcassets */ = {isa = PBXFileReference; lastKnownFileType = folder.assetcatalog; path = Assets.xcassets; sourceTree = "<group>"; };
		2996D09A2B6ED5B100B487D5 /* Preview Assets.xcassets */ = {isa = PBXFileReference; lastKnownFileType = folder.assetcatalog; path = "Preview Assets.xcassets"; sourceTree = "<group>"; };
		2996D09C2B6ED5B100B487D5 /* SwiftDiffusion.entitlements */ = {isa = PBXFileReference; lastKnownFileType = text.plist.entitlements; path = SwiftDiffusion.entitlements; sourceTree = "<group>"; };
		2996D0A62B6EE47A00B487D5 /* ScriptManager.swift */ = {isa = PBXFileReference; lastKnownFileType = sourcecode.swift; path = ScriptManager.swift; sourceTree = "<group>"; };
		2996D0A82B6EEFA700B487D5 /* ConfigFileManager.swift */ = {isa = PBXFileReference; lastKnownFileType = sourcecode.swift; path = ConfigFileManager.swift; sourceTree = "<group>"; };
		2996D0AB2B6F1FBD00B487D5 /* ScriptState.swift */ = {isa = PBXFileReference; lastKnownFileType = sourcecode.swift; path = ScriptState.swift; sourceTree = "<group>"; };
/* End PBXFileReference section */

/* Begin PBXFrameworksBuildPhase section */
		2996D08D2B6ED5B000B487D5 /* Frameworks */ = {
			isa = PBXFrameworksBuildPhase;
			buildActionMask = 2147483647;
			files = (
			);
			runOnlyForDeploymentPostprocessing = 0;
		};
/* End PBXFrameworksBuildPhase section */

/* Begin PBXGroup section */
		297196472B715061000F7960 /* Views */ = {
			isa = PBXGroup;
			children = (
				297196482B7150B5000F7960 /* ConsoleView.swift */,
			);
			path = Views;
			sourceTree = "<group>";
		};
		2971964A2B715184000F7960 /* Settings */ = {
			isa = PBXGroup;
			children = (
				2971964B2B715191000F7960 /* Constants.swift */,
			);
			path = Settings;
			sourceTree = "<group>";
		};
		297196512B715380000F7960 /* Services */ = {
			isa = PBXGroup;
			children = (
				297196522B71538C000F7960 /* FilePickerService.swift */,
			);
			path = Services;
			sourceTree = "<group>";
		};
		2996D0872B6ED5B000B487D5 = {
			isa = PBXGroup;
			children = (
				2996D0922B6ED5B000B487D5 /* SwiftDiffusion */,
				2996D0912B6ED5B000B487D5 /* Products */,
			);
			sourceTree = "<group>";
		};
		2996D0912B6ED5B000B487D5 /* Products */ = {
			isa = PBXGroup;
			children = (
				2996D0902B6ED5B000B487D5 /* SwiftDiffusion.app */,
			);
			name = Products;
			sourceTree = "<group>";
		};
		2996D0922B6ED5B000B487D5 /* SwiftDiffusion */ = {
			isa = PBXGroup;
			children = (
				2996D0932B6ED5B000B487D5 /* SwiftDiffusionApp.swift */,
				2996D0952B6ED5B000B487D5 /* ContentView.swift */,
				297196512B715380000F7960 /* Services */,
				297196472B715061000F7960 /* Views */,
				2996D0A42B6EE44E00B487D5 /* PythonInterface */,
				2971964A2B715184000F7960 /* Settings */,
				2996D0972B6ED5B100B487D5 /* Assets.xcassets */,
				2996D09C2B6ED5B100B487D5 /* SwiftDiffusion.entitlements */,
				2996D0992B6ED5B100B487D5 /* Preview Content */,
			);
			path = SwiftDiffusion;
			sourceTree = "<group>";
		};
		2996D0992B6ED5B100B487D5 /* Preview Content */ = {
			isa = PBXGroup;
			children = (
				2996D09A2B6ED5B100B487D5 /* Preview Assets.xcassets */,
			);
			path = "Preview Content";
			sourceTree = "<group>";
		};
		2996D0A42B6EE44E00B487D5 /* PythonInterface */ = {
			isa = PBXGroup;
			children = (
				2996D0A52B6EE45E00B487D5 /* ScriptManager */,
			);
			path = PythonInterface;
			sourceTree = "<group>";
		};
		2996D0A52B6EE45E00B487D5 /* ScriptManager */ = {
			isa = PBXGroup;
			children = (
				2996D0A62B6EE47A00B487D5 /* ScriptManager.swift */,
				2996D0AB2B6F1FBD00B487D5 /* ScriptState.swift */,
				2996D0A82B6EEFA700B487D5 /* ConfigFileManager.swift */,
			);
			path = ScriptManager;
			sourceTree = "<group>";
		};
/* End PBXGroup section */

/* Begin PBXNativeTarget section */
		2996D08F2B6ED5B000B487D5 /* SwiftDiffusion */ = {
			isa = PBXNativeTarget;
			buildConfigurationList = 2996D09F2B6ED5B100B487D5 /* Build configuration list for PBXNativeTarget "SwiftDiffusion" */;
			buildPhases = (
				2996D08C2B6ED5B000B487D5 /* Sources */,
				2996D08D2B6ED5B000B487D5 /* Frameworks */,
				2996D08E2B6ED5B000B487D5 /* Resources */,
			);
			buildRules = (
			);
			dependencies = (
			);
			name = SwiftDiffusion;
			productName = SwiftDiffusion;
			productReference = 2996D0902B6ED5B000B487D5 /* SwiftDiffusion.app */;
			productType = "com.apple.product-type.application";
		};
/* End PBXNativeTarget section */

/* Begin PBXProject section */
		2996D0882B6ED5B000B487D5 /* Project object */ = {
			isa = PBXProject;
			attributes = {
				BuildIndependentTargetsInParallel = 1;
				LastSwiftUpdateCheck = 1520;
				LastUpgradeCheck = 1520;
				TargetAttributes = {
					2996D08F2B6ED5B000B487D5 = {
						CreatedOnToolsVersion = 15.2;
					};
				};
			};
			buildConfigurationList = 2996D08B2B6ED5B000B487D5 /* Build configuration list for PBXProject "SwiftDiffusion" */;
			compatibilityVersion = "Xcode 14.0";
			developmentRegion = en;
			hasScannedForEncodings = 0;
			knownRegions = (
				en,
				Base,
			);
			mainGroup = 2996D0872B6ED5B000B487D5;
			productRefGroup = 2996D0912B6ED5B000B487D5 /* Products */;
			projectDirPath = "";
			projectRoot = "";
			targets = (
				2996D08F2B6ED5B000B487D5 /* SwiftDiffusion */,
			);
		};
/* End PBXProject section */

/* Begin PBXResourcesBuildPhase section */
		2996D08E2B6ED5B000B487D5 /* Resources */ = {
			isa = PBXResourcesBuildPhase;
			buildActionMask = 2147483647;
			files = (
				2996D09B2B6ED5B100B487D5 /* Preview Assets.xcassets in Resources */,
				2996D0982B6ED5B100B487D5 /* Assets.xcassets in Resources */,
			);
			runOnlyForDeploymentPostprocessing = 0;
		};
/* End PBXResourcesBuildPhase section */

/* Begin PBXSourcesBuildPhase section */
		2996D08C2B6ED5B000B487D5 /* Sources */ = {
			isa = PBXSourcesBuildPhase;
			buildActionMask = 2147483647;
			files = (
				2996D0962B6ED5B000B487D5 /* ContentView.swift in Sources */,
				2996D0942B6ED5B000B487D5 /* SwiftDiffusionApp.swift in Sources */,
				2996D0A72B6EE47A00B487D5 /* ScriptManager.swift in Sources */,
				2996D0AC2B6F1FBD00B487D5 /* ScriptState.swift in Sources */,
				2971964C2B715191000F7960 /* Constants.swift in Sources */,
				297196532B71538C000F7960 /* FilePickerService.swift in Sources */,
				297196492B7150B5000F7960 /* ConsoleView.swift in Sources */,
				2996D0A92B6EEFA700B487D5 /* ConfigFileManager.swift in Sources */,
			);
			runOnlyForDeploymentPostprocessing = 0;
		};
/* End PBXSourcesBuildPhase section */

/* Begin XCBuildConfiguration section */
		2996D09D2B6ED5B100B487D5 /* Debug */ = {
			isa = XCBuildConfiguration;
			buildSettings = {
				ALWAYS_SEARCH_USER_PATHS = NO;
				ASSETCATALOG_COMPILER_GENERATE_SWIFT_ASSET_SYMBOL_EXTENSIONS = YES;
				CLANG_ANALYZER_NONNULL = YES;
				CLANG_ANALYZER_NUMBER_OBJECT_CONVERSION = YES_AGGRESSIVE;
				CLANG_CXX_LANGUAGE_STANDARD = "gnu++20";
				CLANG_ENABLE_MODULES = YES;
				CLANG_ENABLE_OBJC_ARC = YES;
				CLANG_ENABLE_OBJC_WEAK = YES;
				CLANG_WARN_BLOCK_CAPTURE_AUTORELEASING = YES;
				CLANG_WARN_BOOL_CONVERSION = YES;
				CLANG_WARN_COMMA = YES;
				CLANG_WARN_CONSTANT_CONVERSION = YES;
				CLANG_WARN_DEPRECATED_OBJC_IMPLEMENTATIONS = YES;
				CLANG_WARN_DIRECT_OBJC_ISA_USAGE = YES_ERROR;
				CLANG_WARN_DOCUMENTATION_COMMENTS = YES;
				CLANG_WARN_EMPTY_BODY = YES;
				CLANG_WARN_ENUM_CONVERSION = YES;
				CLANG_WARN_INFINITE_RECURSION = YES;
				CLANG_WARN_INT_CONVERSION = YES;
				CLANG_WARN_NON_LITERAL_NULL_CONVERSION = YES;
				CLANG_WARN_OBJC_IMPLICIT_RETAIN_SELF = YES;
				CLANG_WARN_OBJC_LITERAL_CONVERSION = YES;
				CLANG_WARN_OBJC_ROOT_CLASS = YES_ERROR;
				CLANG_WARN_QUOTED_INCLUDE_IN_FRAMEWORK_HEADER = YES;
				CLANG_WARN_RANGE_LOOP_ANALYSIS = YES;
				CLANG_WARN_STRICT_PROTOTYPES = YES;
				CLANG_WARN_SUSPICIOUS_MOVE = YES;
				CLANG_WARN_UNGUARDED_AVAILABILITY = YES_AGGRESSIVE;
				CLANG_WARN_UNREACHABLE_CODE = YES;
				CLANG_WARN__DUPLICATE_METHOD_MATCH = YES;
				COPY_PHASE_STRIP = NO;
				DEBUG_INFORMATION_FORMAT = dwarf;
				ENABLE_STRICT_OBJC_MSGSEND = YES;
				ENABLE_TESTABILITY = YES;
				ENABLE_USER_SCRIPT_SANDBOXING = YES;
				GCC_C_LANGUAGE_STANDARD = gnu17;
				GCC_DYNAMIC_NO_PIC = NO;
				GCC_NO_COMMON_BLOCKS = YES;
				GCC_OPTIMIZATION_LEVEL = 0;
				GCC_PREPROCESSOR_DEFINITIONS = (
					"DEBUG=1",
					"$(inherited)",
				);
				GCC_WARN_64_TO_32_BIT_CONVERSION = YES;
				GCC_WARN_ABOUT_RETURN_TYPE = YES_ERROR;
				GCC_WARN_UNDECLARED_SELECTOR = YES;
				GCC_WARN_UNINITIALIZED_AUTOS = YES_AGGRESSIVE;
				GCC_WARN_UNUSED_FUNCTION = YES;
				GCC_WARN_UNUSED_VARIABLE = YES;
				LOCALIZATION_PREFERS_STRING_CATALOGS = YES;
				MACOSX_DEPLOYMENT_TARGET = 14.2;
				MTL_ENABLE_DEBUG_INFO = INCLUDE_SOURCE;
				MTL_FAST_MATH = YES;
				ONLY_ACTIVE_ARCH = YES;
				SDKROOT = macosx;
				SWIFT_ACTIVE_COMPILATION_CONDITIONS = "DEBUG $(inherited)";
				SWIFT_OPTIMIZATION_LEVEL = "-Onone";
			};
			name = Debug;
		};
		2996D09E2B6ED5B100B487D5 /* Release */ = {
			isa = XCBuildConfiguration;
			buildSettings = {
				ALWAYS_SEARCH_USER_PATHS = NO;
				ASSETCATALOG_COMPILER_GENERATE_SWIFT_ASSET_SYMBOL_EXTENSIONS = YES;
				CLANG_ANALYZER_NONNULL = YES;
				CLANG_ANALYZER_NUMBER_OBJECT_CONVERSION = YES_AGGRESSIVE;
				CLANG_CXX_LANGUAGE_STANDARD = "gnu++20";
				CLANG_ENABLE_MODULES = YES;
				CLANG_ENABLE_OBJC_ARC = YES;
				CLANG_ENABLE_OBJC_WEAK = YES;
				CLANG_WARN_BLOCK_CAPTURE_AUTORELEASING = YES;
				CLANG_WARN_BOOL_CONVERSION = YES;
				CLANG_WARN_COMMA = YES;
				CLANG_WARN_CONSTANT_CONVERSION = YES;
				CLANG_WARN_DEPRECATED_OBJC_IMPLEMENTATIONS = YES;
				CLANG_WARN_DIRECT_OBJC_ISA_USAGE = YES_ERROR;
				CLANG_WARN_DOCUMENTATION_COMMENTS = YES;
				CLANG_WARN_EMPTY_BODY = YES;
				CLANG_WARN_ENUM_CONVERSION = YES;
				CLANG_WARN_INFINITE_RECURSION = YES;
				CLANG_WARN_INT_CONVERSION = YES;
				CLANG_WARN_NON_LITERAL_NULL_CONVERSION = YES;
				CLANG_WARN_OBJC_IMPLICIT_RETAIN_SELF = YES;
				CLANG_WARN_OBJC_LITERAL_CONVERSION = YES;
				CLANG_WARN_OBJC_ROOT_CLASS = YES_ERROR;
				CLANG_WARN_QUOTED_INCLUDE_IN_FRAMEWORK_HEADER = YES;
				CLANG_WARN_RANGE_LOOP_ANALYSIS = YES;
				CLANG_WARN_STRICT_PROTOTYPES = YES;
				CLANG_WARN_SUSPICIOUS_MOVE = YES;
				CLANG_WARN_UNGUARDED_AVAILABILITY = YES_AGGRESSIVE;
				CLANG_WARN_UNREACHABLE_CODE = YES;
				CLANG_WARN__DUPLICATE_METHOD_MATCH = YES;
				COPY_PHASE_STRIP = NO;
				DEBUG_INFORMATION_FORMAT = "dwarf-with-dsym";
				ENABLE_NS_ASSERTIONS = NO;
				ENABLE_STRICT_OBJC_MSGSEND = YES;
				ENABLE_USER_SCRIPT_SANDBOXING = YES;
				GCC_C_LANGUAGE_STANDARD = gnu17;
				GCC_NO_COMMON_BLOCKS = YES;
				GCC_WARN_64_TO_32_BIT_CONVERSION = YES;
				GCC_WARN_ABOUT_RETURN_TYPE = YES_ERROR;
				GCC_WARN_UNDECLARED_SELECTOR = YES;
				GCC_WARN_UNINITIALIZED_AUTOS = YES_AGGRESSIVE;
				GCC_WARN_UNUSED_FUNCTION = YES;
				GCC_WARN_UNUSED_VARIABLE = YES;
				LOCALIZATION_PREFERS_STRING_CATALOGS = YES;
				MACOSX_DEPLOYMENT_TARGET = 14.2;
				MTL_ENABLE_DEBUG_INFO = NO;
				MTL_FAST_MATH = YES;
				SDKROOT = macosx;
				SWIFT_COMPILATION_MODE = wholemodule;
			};
			name = Release;
		};
		2996D0A02B6ED5B100B487D5 /* Debug */ = {
			isa = XCBuildConfiguration;
			buildSettings = {
				ASSETCATALOG_COMPILER_APPICON_NAME = AppIcon;
				ASSETCATALOG_COMPILER_GLOBAL_ACCENT_COLOR_NAME = AccentColor;
				CODE_SIGN_ENTITLEMENTS = SwiftDiffusion/SwiftDiffusion.entitlements;
				CODE_SIGN_STYLE = Automatic;
				COMBINE_HIDPI_IMAGES = YES;
				CURRENT_PROJECT_VERSION = 1;
				DEVELOPMENT_ASSET_PATHS = "\"SwiftDiffusion/Preview Content\"";
				DEVELOPMENT_TEAM = "";
				ENABLE_HARDENED_RUNTIME = YES;
				ENABLE_PREVIEWS = YES;
				GENERATE_INFOPLIST_FILE = YES;
				INFOPLIST_KEY_NSHumanReadableCopyright = "2024 Justin Bush";
				LD_RUNPATH_SEARCH_PATHS = (
					"$(inherited)",
					"@executable_path/../Frameworks",
				);
				MARKETING_VERSION = 0.0.1;
				PRODUCT_BUNDLE_IDENTIFIER = com.buzsh.SwiftDiffusion;
				PRODUCT_NAME = "$(TARGET_NAME)";
				SWIFT_EMIT_LOC_STRINGS = YES;
				SWIFT_VERSION = 5.0;
			};
			name = Debug;
		};
		2996D0A12B6ED5B100B487D5 /* Release */ = {
			isa = XCBuildConfiguration;
			buildSettings = {
				ASSETCATALOG_COMPILER_APPICON_NAME = AppIcon;
				ASSETCATALOG_COMPILER_GLOBAL_ACCENT_COLOR_NAME = AccentColor;
				CODE_SIGN_ENTITLEMENTS = SwiftDiffusion/SwiftDiffusion.entitlements;
				CODE_SIGN_STYLE = Automatic;
				COMBINE_HIDPI_IMAGES = YES;
				CURRENT_PROJECT_VERSION = 1;
				DEVELOPMENT_ASSET_PATHS = "\"SwiftDiffusion/Preview Content\"";
				DEVELOPMENT_TEAM = "";
				ENABLE_HARDENED_RUNTIME = YES;
				ENABLE_PREVIEWS = YES;
				GENERATE_INFOPLIST_FILE = YES;
				INFOPLIST_KEY_NSHumanReadableCopyright = "2024 Justin Bush";
				LD_RUNPATH_SEARCH_PATHS = (
					"$(inherited)",
					"@executable_path/../Frameworks",
				);
				MARKETING_VERSION = 0.0.1;
				PRODUCT_BUNDLE_IDENTIFIER = com.buzsh.SwiftDiffusion;
				PRODUCT_NAME = "$(TARGET_NAME)";
				SWIFT_EMIT_LOC_STRINGS = YES;
				SWIFT_VERSION = 5.0;
			};
			name = Release;
		};
/* End XCBuildConfiguration section */

/* Begin XCConfigurationList section */
		2996D08B2B6ED5B000B487D5 /* Build configuration list for PBXProject "SwiftDiffusion" */ = {
			isa = XCConfigurationList;
			buildConfigurations = (
				2996D09D2B6ED5B100B487D5 /* Debug */,
				2996D09E2B6ED5B100B487D5 /* Release */,
			);
			defaultConfigurationIsVisible = 0;
			defaultConfigurationName = Release;
		};
		2996D09F2B6ED5B100B487D5 /* Build configuration list for PBXNativeTarget "SwiftDiffusion" */ = {
			isa = XCConfigurationList;
			buildConfigurations = (
				2996D0A02B6ED5B100B487D5 /* Debug */,
				2996D0A12B6ED5B100B487D5 /* Release */,
			);
			defaultConfigurationIsVisible = 0;
			defaultConfigurationName = Release;
		};
/* End XCConfigurationList section */
	};
	rootObject = 2996D0882B6ED5B000B487D5 /* Project object */;
}
