{
  "pins" : [
    {
      "identity" : "compactslider",
      "kind" : "remoteSourceControl",
      "location" : "https://github.com/buh/CompactSlider.git",
      "state" : {
        "revision" : "6d591a76caecd583ad69fbcd06f2fb83135318c0",
        "version" : "1.1.5"
      }
    }
  ],
  "version" : 2
}
